
Microsoft Visual Studio Solution File, Format Version 11.00
# Visual Studio 2010
Project("{FAE04EC0-301F-11D3-BF4B-00C04F79EFBC}") = "SuperSocket.ClientEngine", "ClientEngine\SuperSocket.ClientEngine.csproj", "{1BC7E184-8225-425A-900E-9FEA38865E20}"
EndProject
Project("{FAE04EC0-301F-11D3-BF4B-00C04F79EFBC}") = "SuperSocket.ClientEngine.Silverlight", "ClientEngine\SuperSocket.ClientEngine.Silverlight.csproj", "{32BFC017-D04F-48BD-8B9E-726B042430DF}"
EndProject
Project("{FAE04EC0-301F-11D3-BF4B-00C04F79EFBC}") = "SuperSocket.ClientEngine.Mono", "ClientEngine\SuperSocket.ClientEngine.Mono.csproj", "{38A87958-2343-4F0C-BAED-A16B5F0DC5A4}"
EndProject
Project("{FAE04EC0-301F-11D3-BF4B-00C04F79EFBC}") = "SuperSocket.ClientEngine.Net35", "ClientEngine\SuperSocket.ClientEngine.Net35.csproj", "{CF0D8BF2-54B9-4E4D-AFC0-88DD82DEB897}"
EndProject
Project("{FAE04EC0-301F-11D3-BF4B-00C04F79EFBC}") = "SuperSocket.ClientEngine.WindowsPhone", "ClientEngine\SuperSocket.ClientEngine.WindowsPhone.csproj", "{1A2A873C-97D6-49D7-9BF8-0741903BD20E}"
EndProject
Global
	GlobalSection(SolutionConfigurationPlatforms) = preSolution
		Debug|Any CPU = Debug|Any CPU
		Release|Any CPU = Release|Any CPU
	EndGlobalSection
	GlobalSection(ProjectConfigurationPlatforms) = postSolution
		{1BC7E184-8225-425A-900E-9FEA38865E20}.Debug|Any CPU.ActiveCfg = Debug|Any CPU
		{1BC7E184-8225-425A-900E-9FEA38865E20}.Debug|Any CPU.Build.0 = Debug|Any CPU
		{1BC7E184-8225-425A-900E-9FEA38865E20}.Release|Any CPU.ActiveCfg = Release|Any CPU
		{1BC7E184-8225-425A-900E-9FEA38865E20}.Release|Any CPU.Build.0 = Release|Any CPU
		{32BFC017-D04F-48BD-8B9E-726B042430DF}.Debug|Any CPU.ActiveCfg = Debug|Any CPU
		{32BFC017-D04F-48BD-8B9E-726B042430DF}.Debug|Any CPU.Build.0 = Debug|Any CPU
		{32BFC017-D04F-48BD-8B9E-726B042430DF}.Release|Any CPU.ActiveCfg = Release|Any CPU
		{32BFC017-D04F-48BD-8B9E-726B042430DF}.Release|Any CPU.Build.0 = Release|Any CPU
		{38A87958-2343-4F0C-BAED-A16B5F0DC5A4}.Debug|Any CPU.ActiveCfg = Debug|Any CPU
		{38A87958-2343-4F0C-BAED-A16B5F0DC5A4}.Debug|Any CPU.Build.0 = Debug|Any CPU
		{38A87958-2343-4F0C-BAED-A16B5F0DC5A4}.Release|Any CPU.ActiveCfg = Release|Any CPU
		{38A87958-2343-4F0C-BAED-A16B5F0DC5A4}.Release|Any CPU.Build.0 = Release|Any CPU
		{CF0D8BF2-54B9-4E4D-AFC0-88DD82DEB897}.Debug|Any CPU.ActiveCfg = Debug|Any CPU
		{CF0D8BF2-54B9-4E4D-AFC0-88DD82DEB897}.Debug|Any CPU.Build.0 = Debug|Any CPU
		{CF0D8BF2-54B9-4E4D-AFC0-88DD82DEB897}.Release|Any CPU.ActiveCfg = Release|Any CPU
		{CF0D8BF2-54B9-4E4D-AFC0-88DD82DEB897}.Release|Any CPU.Build.0 = Release|Any CPU
		{1A2A873C-97D6-49D7-9BF8-0741903BD20E}.Debug|Any CPU.ActiveCfg = Debug|Any CPU
		{1A2A873C-97D6-49D7-9BF8-0741903BD20E}.Debug|Any CPU.Build.0 = Debug|Any CPU
		{1A2A873C-97D6-49D7-9BF8-0741903BD20E}.Release|Any CPU.ActiveCfg = Release|Any CPU
		{1A2A873C-97D6-49D7-9BF8-0741903BD20E}.Release|Any CPU.Build.0 = Release|Any CPU
	EndGlobalSection
	GlobalSection(SolutionProperties) = preSolution
		HideSolutionNode = FALSE
	EndGlobalSection
EndGlobal
