
Microsoft Visual Studio Solution File, Format Version 11.00
# Visual Studio 2010
Project("{FAE04EC0-301F-11D3-BF4B-00C04F79EFBC}") = "Common.Mono", "Common\Common.Mono.csproj", "{A24F4D38-BA9C-4FD6-95B7-4980DE36131A}"
EndProject
Project("{FAE04EC0-301F-11D3-BF4B-00C04F79EFBC}") = "SocketBase.Mono", "SocketBase\SocketBase.Mono.csproj", "{40B77789-EA11-4C05-8F52-86711D7BCAAF}"
EndProject
Project("{FAE04EC0-301F-11D3-BF4B-00C04F79EFBC}") = "SocketEngine.Mono", "SocketEngine\SocketEngine.Mono.csproj", "{153FEF72-191C-43D9-BE71-2B351C7AC760}"
EndProject
Project("{FAE04EC0-301F-11D3-BF4B-00C04F79EFBC}") = "SocketService.Mono", "SocketService\SocketService.Mono.csproj", "{B9113694-7226-4152-938D-3172B11571A1}"
EndProject
Project("{FAE04EC0-301F-11D3-BF4B-00C04F79EFBC}") = "Test.Mono", "Test\Test.Mono.csproj", "{BDBB6CE9-C3CE-49C1-A05E-2D7628430A02}"
EndProject
Project("{2150E333-8FDC-42A3-9474-1A3956D46DE8}") = "QuickStart", "QuickStart", "{88D5C22F-E174-4101-8852-2C88B2154E62}"
EndProject
Project("{FAE04EC0-301F-11D3-BF4B-00C04F79EFBC}") = "EchoService.Mono", "QuickStart\EchoService\EchoService.Mono.csproj", "{6967B4E6-474F-4D79-BD4D-BD701A8A6085}"
EndProject
Global
	GlobalSection(SolutionConfigurationPlatforms) = preSolution
		Debug|Any CPU = Debug|Any CPU
		Release|Any CPU = Release|Any CPU
	EndGlobalSection
	GlobalSection(ProjectConfigurationPlatforms) = postSolution
		{153FEF72-191C-43D9-BE71-2B351C7AC760}.Debug|Any CPU.ActiveCfg = Debug|Any CPU
		{153FEF72-191C-43D9-BE71-2B351C7AC760}.Debug|Any CPU.Build.0 = Debug|Any CPU
		{153FEF72-191C-43D9-BE71-2B351C7AC760}.Release|Any CPU.ActiveCfg = Release|Any CPU
		{153FEF72-191C-43D9-BE71-2B351C7AC760}.Release|Any CPU.Build.0 = Release|Any CPU
		{40B77789-EA11-4C05-8F52-86711D7BCAAF}.Debug|Any CPU.ActiveCfg = Debug|Any CPU
		{40B77789-EA11-4C05-8F52-86711D7BCAAF}.Debug|Any CPU.Build.0 = Debug|Any CPU
		{40B77789-EA11-4C05-8F52-86711D7BCAAF}.Release|Any CPU.ActiveCfg = Release|Any CPU
		{40B77789-EA11-4C05-8F52-86711D7BCAAF}.Release|Any CPU.Build.0 = Release|Any CPU
		{6967B4E6-474F-4D79-BD4D-BD701A8A6085}.Debug|Any CPU.ActiveCfg = Debug|Any CPU
		{6967B4E6-474F-4D79-BD4D-BD701A8A6085}.Debug|Any CPU.Build.0 = Debug|Any CPU
		{6967B4E6-474F-4D79-BD4D-BD701A8A6085}.Release|Any CPU.ActiveCfg = Release|Any CPU
		{6967B4E6-474F-4D79-BD4D-BD701A8A6085}.Release|Any CPU.Build.0 = Release|Any CPU
		{A24F4D38-BA9C-4FD6-95B7-4980DE36131A}.Debug|Any CPU.ActiveCfg = Debug|Any CPU
		{A24F4D38-BA9C-4FD6-95B7-4980DE36131A}.Debug|Any CPU.Build.0 = Debug|Any CPU
		{A24F4D38-BA9C-4FD6-95B7-4980DE36131A}.Release|Any CPU.ActiveCfg = Release|Any CPU
		{A24F4D38-BA9C-4FD6-95B7-4980DE36131A}.Release|Any CPU.Build.0 = Release|Any CPU
		{B9113694-7226-4152-938D-3172B11571A1}.Debug|Any CPU.ActiveCfg = Debug|Any CPU
		{B9113694-7226-4152-938D-3172B11571A1}.Debug|Any CPU.Build.0 = Debug|Any CPU
		{B9113694-7226-4152-938D-3172B11571A1}.Release|Any CPU.ActiveCfg = Release|Any CPU
		{B9113694-7226-4152-938D-3172B11571A1}.Release|Any CPU.Build.0 = Release|Any CPU
		{BDBB6CE9-C3CE-49C1-A05E-2D7628430A02}.Debug|Any CPU.ActiveCfg = Debug|Any CPU
		{BDBB6CE9-C3CE-49C1-A05E-2D7628430A02}.Debug|Any CPU.Build.0 = Debug|Any CPU
		{BDBB6CE9-C3CE-49C1-A05E-2D7628430A02}.Release|Any CPU.ActiveCfg = Release|Any CPU
		{BDBB6CE9-C3CE-49C1-A05E-2D7628430A02}.Release|Any CPU.Build.0 = Release|Any CPU
	EndGlobalSection
	GlobalSection(NestedProjects) = preSolution
		{6967B4E6-474F-4D79-BD4D-BD701A8A6085} = {88D5C22F-E174-4101-8852-2C88B2154E62}
	EndGlobalSection
	GlobalSection(MonoDevelopProperties) = preSolution
		StartupItem = SocketService\SocketService.Mono.csproj
		Policies = $0
		$0.TextStylePolicy = $1
		$1.FileWidth = 120
		$1.inheritsSet = VisualStudio
		$1.inheritsScope = text/plain
		$1.scope = text/x-csharp
		$0.CSharpFormattingPolicy = $2
		$2.BeforeMethodCallParentheses = False
		$2.BeforeMethodDeclarationParentheses = False
		$2.BeforeConstructorDeclarationParentheses = False
		$2.BeforeDelegateDeclarationParentheses = False
		$2.NewParentheses = False
		$2.inheritsSet = Mono
		$2.inheritsScope = text/x-csharp
		$2.scope = text/x-csharp
		$0.TextStylePolicy = $3
		$3.FileWidth = 120
		$3.inheritsSet = VisualStudio
		$3.inheritsScope = text/plain
		$3.scope = text/plain
		$0.TextStylePolicy = $4
		$4.FileWidth = 120
		$4.inheritsSet = VisualStudio
		$4.inheritsScope = text/plain
		$4.scope = application/xml
		$0.XmlFormattingPolicy = $5
		$5.DefaultFormat = $6
		$6.ContentIndentString = "    "
		$5.inheritsSet = Mono
		$5.inheritsScope = application/xml
		$5.scope = application/xml
		$0.StandardHeader = $7
		$7.Text = 
		$7.inheritsSet = Apache2License
		$0.VersionControlPolicy = $8
		$8.inheritsSet = Mono
		$0.DotNetNamingPolicy = $9
		$9.DirectoryNamespaceAssociation = PrefixedHierarchical
		$9.ResourceNamePolicy = FileFormatDefault
		$0.TextStylePolicy = $10
		$10.FileWidth = 120
		$10.inheritsSet = VisualStudio
		$10.inheritsScope = text/plain
		$10.scope = application/config+xml
		$0.XmlFormattingPolicy = $11
		$11.inheritsSet = null
		$11.scope = application/config+xml
	EndGlobalSection
	GlobalSection(SolutionProperties) = preSolution
		HideSolutionNode = FALSE
	EndGlobalSection
EndGlobal
