
Microsoft Visual Studio Solution File, Format Version 10.00
# Visual Studio 2008
Project("{FAE04EC0-301F-11D3-BF4B-00C04F79EFBC}") = "SocketServiceCore", "SocketServiceCore\SocketServiceCore.csproj", "{153FEF72-191C-43D9-BE71-2B351C7AC760}"
EndProject
Project("{FAE04EC0-301F-11D3-BF4B-00C04F79EFBC}") = "SocketService", "SocketService\SocketService.csproj", "{B9113694-7226-4152-938D-3172B11571A1}"
EndProject
Project("{FAE04EC0-301F-11D3-BF4B-00C04F79EFBC}") = "Common", "Common\Common.csproj", "{A24F4D38-BA9C-4FD6-95B7-4980DE36131A}"
EndProject
Project("{FAE04EC0-301F-11D3-BF4B-00C04F79EFBC}") = "Test", "Test\Test.csproj", "{BDBB6CE9-C3CE-49C1-A05E-2D7628430A02}"
EndProject
Global
	GlobalSection(SolutionConfigurationPlatforms) = preSolution
		Debug|Any CPU = Debug|Any CPU
		Release|Any CPU = Release|Any CPU
	EndGlobalSection
	GlobalSection(ProjectConfigurationPlatforms) = postSolution
		{153FEF72-191C-43D9-BE71-2B351C7AC760}.Debug|Any CPU.ActiveCfg = Debug|Any CPU
		{153FEF72-191C-43D9-BE71-2B351C7AC760}.Debug|Any CPU.Build.0 = Debug|Any CPU
		{153FEF72-191C-43D9-BE71-2B351C7AC760}.Release|Any CPU.ActiveCfg = Release|Any CPU
		{153FEF72-191C-43D9-BE71-2B351C7AC760}.Release|Any CPU.Build.0 = Release|Any CPU
		{B9113694-7226-4152-938D-3172B11571A1}.Debug|Any CPU.ActiveCfg = Debug|Any CPU
		{B9113694-7226-4152-938D-3172B11571A1}.Debug|Any CPU.Build.0 = Debug|Any CPU
		{B9113694-7226-4152-938D-3172B11571A1}.Release|Any CPU.ActiveCfg = Release|Any CPU
		{B9113694-7226-4152-938D-3172B11571A1}.Release|Any CPU.Build.0 = Release|Any CPU
		{A24F4D38-BA9C-4FD6-95B7-4980DE36131A}.Debug|Any CPU.ActiveCfg = Debug|Any CPU
		{A24F4D38-BA9C-4FD6-95B7-4980DE36131A}.Debug|Any CPU.Build.0 = Debug|Any CPU
		{A24F4D38-BA9C-4FD6-95B7-4980DE36131A}.Release|Any CPU.ActiveCfg = Release|Any CPU
		{A24F4D38-BA9C-4FD6-95B7-4980DE36131A}.Release|Any CPU.Build.0 = Release|Any CPU
		{BDBB6CE9-C3CE-49C1-A05E-2D7628430A02}.Debug|Any CPU.ActiveCfg = Debug|Any CPU
		{BDBB6CE9-C3CE-49C1-A05E-2D7628430A02}.Debug|Any CPU.Build.0 = Debug|Any CPU
		{BDBB6CE9-C3CE-49C1-A05E-2D7628430A02}.Release|Any CPU.ActiveCfg = Release|Any CPU
		{BDBB6CE9-C3CE-49C1-A05E-2D7628430A02}.Release|Any CPU.Build.0 = Release|Any CPU
	EndGlobalSection
	GlobalSection(SolutionProperties) = preSolution
		HideSolutionNode = FALSE
	EndGlobalSection
EndGlobal
