
Microsoft Visual Studio Solution File, Format Version 12.00
# Visual Studio 14
VisualStudioVersion = 14.0.23107.0
MinimumVisualStudioVersion = 10.0.40219.1
Project("{FAE04EC0-301F-11D3-BF4B-00C04F79EFBC}") = "SuperSocket.ProtoBase.Portable", "ProtoBase\SuperSocket.ProtoBase.Portable.csproj", "{918EA4B5-090B-47E7-A666-1083598AE2C0}"
EndProject
Project("{FAE04EC0-301F-11D3-BF4B-00C04F79EFBC}") = "SuperSocket.WebSocket.Portable", "Protocols\WebSocket\SuperSocket.WebSocket.Portable.csproj", "{ED9F9435-FB44-4CF9-B620-702D7F5716A6}"
EndProject
Global
	GlobalSection(SolutionConfigurationPlatforms) = preSolution
		Debug|Any CPU = Debug|Any CPU
		Release|Any CPU = Release|Any CPU
	EndGlobalSection
	GlobalSection(ProjectConfigurationPlatforms) = postSolution
		{918EA4B5-090B-47E7-A666-1083598AE2C0}.Debug|Any CPU.ActiveCfg = Debug|Any CPU
		{918EA4B5-090B-47E7-A666-1083598AE2C0}.Debug|Any CPU.Build.0 = Debug|Any CPU
		{918EA4B5-090B-47E7-A666-1083598AE2C0}.Release|Any CPU.ActiveCfg = Release|Any CPU
		{918EA4B5-090B-47E7-A666-1083598AE2C0}.Release|Any CPU.Build.0 = Release|Any CPU
		{ED9F9435-FB44-4CF9-B620-702D7F5716A6}.Debug|Any CPU.ActiveCfg = Debug|Any CPU
		{ED9F9435-FB44-4CF9-B620-702D7F5716A6}.Debug|Any CPU.Build.0 = Debug|Any CPU
		{ED9F9435-FB44-4CF9-B620-702D7F5716A6}.Release|Any CPU.ActiveCfg = Release|Any CPU
		{ED9F9435-FB44-4CF9-B620-702D7F5716A6}.Release|Any CPU.Build.0 = Release|Any CPU
	EndGlobalSection
	GlobalSection(SolutionProperties) = preSolution
		HideSolutionNode = FALSE
	EndGlobalSection
EndGlobal
