
Microsoft Visual Studio Solution File, Format Version 12.00
# Visual Studio 14
VisualStudioVersion = 14.0.25123.0
MinimumVisualStudioVersion = 10.0.40219.1
Project("{FAE04EC0-301F-11D3-BF4B-00C04F79EFBC}") = "SuperSocket.ProtoBase.Portable", "ProtoBase\SuperSocket.ProtoBase.Portable.csproj", "{918EA4B5-090B-47E7-A666-1083598AE2C0}"
EndProject
Project("{FAE04EC0-301F-11D3-BF4B-00C04F79EFBC}") = "SuperSocket.ProtoBase.Net20", "ProtoBase\SuperSocket.ProtoBase.Net20.csproj", "{A9642FB1-447F-4233-A124-775B58748C4A}"
EndProject
Project("{FAE04EC0-301F-11D3-BF4B-00C04F79EFBC}") = "SuperSocket.ProtoBase.Net35", "ProtoBase\SuperSocket.ProtoBase.Net35.csproj", "{A40EB3E7-DAE7-49B9-9984-FEC4351C1BF3}"
EndProject
Global
	GlobalSection(SolutionConfigurationPlatforms) = preSolution
		Debug|Any CPU = Debug|Any CPU
		Release|Any CPU = Release|Any CPU
	EndGlobalSection
	GlobalSection(ProjectConfigurationPlatforms) = postSolution
		{918EA4B5-090B-47E7-A666-1083598AE2C0}.Debug|Any CPU.ActiveCfg = Debug|Any CPU
		{918EA4B5-090B-47E7-A666-1083598AE2C0}.Debug|Any CPU.Build.0 = Debug|Any CPU
		{918EA4B5-090B-47E7-A666-1083598AE2C0}.Release|Any CPU.ActiveCfg = Release|Any CPU
		{918EA4B5-090B-47E7-A666-1083598AE2C0}.Release|Any CPU.Build.0 = Release|Any CPU
		{A9642FB1-447F-4233-A124-775B58748C4A}.Debug|Any CPU.ActiveCfg = Debug|Any CPU
		{A9642FB1-447F-4233-A124-775B58748C4A}.Debug|Any CPU.Build.0 = Debug|Any CPU
		{A9642FB1-447F-4233-A124-775B58748C4A}.Release|Any CPU.ActiveCfg = Release|Any CPU
		{A9642FB1-447F-4233-A124-775B58748C4A}.Release|Any CPU.Build.0 = Release|Any CPU
		{A40EB3E7-DAE7-49B9-9984-FEC4351C1BF3}.Debug|Any CPU.ActiveCfg = Debug|Any CPU
		{A40EB3E7-DAE7-49B9-9984-FEC4351C1BF3}.Debug|Any CPU.Build.0 = Debug|Any CPU
		{A40EB3E7-DAE7-49B9-9984-FEC4351C1BF3}.Release|Any CPU.ActiveCfg = Release|Any CPU
		{A40EB3E7-DAE7-49B9-9984-FEC4351C1BF3}.Release|Any CPU.Build.0 = Release|Any CPU
	EndGlobalSection
	GlobalSection(SolutionProperties) = preSolution
		HideSolutionNode = FALSE
	EndGlobalSection
EndGlobal
