
Microsoft Visual Studio Solution File, Format Version 10.00
# Visual Studio 2008
Project("{FAE04EC0-301F-11D3-BF4B-00C04F79EFBC}") = "SuperSocket.SocketService.Net35", "SocketService\SuperSocket.SocketService.Net35.csproj", "{B9113694-7226-4152-938D-3172B11571A1}"
EndProject
Project("{FAE04EC0-301F-11D3-BF4B-00C04F79EFBC}") = "SuperSocket.Common.Net35", "Common\SuperSocket.Common.Net35.csproj", "{A24F4D38-BA9C-4FD6-95B7-4980DE36131A}"
EndProject
Project("{FAE04EC0-301F-11D3-BF4B-00C04F79EFBC}") = "SuperSocket.SocketBase.Net35", "SocketBase\SuperSocket.SocketBase.Net35.csproj", "{40B77789-EA11-4C05-8F52-86711D7BCAAF}"
EndProject
Project("{FAE04EC0-301F-11D3-BF4B-00C04F79EFBC}") = "SuperSocket.SocketEngine.Net35", "SocketEngine\SuperSocket.SocketEngine.Net35.csproj", "{153FEF72-191C-43D9-BE71-2B351C7AC760}"
EndProject
Project("{FAE04EC0-301F-11D3-BF4B-00C04F79EFBC}") = "SuperSocket.Test.NET35", "Test\SuperSocket.Test.NET35.csproj", "{BDBB6CE9-C3CE-49C1-A05E-2D7628430A02}"
EndProject
Project("{FAE04EC0-301F-11D3-BF4B-00C04F79EFBC}") = "SuperSocket.Facility.Net35", "Facility\SuperSocket.Facility.Net35.csproj", "{01987BAC-C498-44DD-B274-62EA2506B51D}"
EndProject
Project("{FAE04EC0-301F-11D3-BF4B-00C04F79EFBC}") = "SuperSocket.Dlr.Net35", "Dlr\SuperSocket.Dlr.Net35.csproj", "{55BAA051-CE62-4D4A-81B6-68B042CC78E9}"
EndProject
Project("{FAE04EC0-301F-11D3-BF4B-00C04F79EFBC}") = "SuperSocket.Agent.Net35", "Agent\SuperSocket.Agent.Net35.csproj", "{49BA8E71-4F97-40D6-BBE7-22B71D222486}"
EndProject

Global
	GlobalSection(SolutionConfigurationPlatforms) = preSolution
		Debug|Any CPU = Debug|Any CPU
		Release|Any CPU = Release|Any CPU
		Test|Any CPU = Test|Any CPU
	EndGlobalSection
	GlobalSection(ProjectConfigurationPlatforms) = postSolution
		{B9113694-7226-4152-938D-3172B11571A1}.Debug|Any CPU.ActiveCfg = Debug|Any CPU
		{B9113694-7226-4152-938D-3172B11571A1}.Debug|Any CPU.Build.0 = Debug|Any CPU
		{B9113694-7226-4152-938D-3172B11571A1}.Release|Any CPU.ActiveCfg = Release|Any CPU
		{B9113694-7226-4152-938D-3172B11571A1}.Release|Any CPU.Build.0 = Release|Any CPU
		{B9113694-7226-4152-938D-3172B11571A1}.Test|Any CPU.ActiveCfg = Debug|Any CPU
		{B9113694-7226-4152-938D-3172B11571A1}.Test|Any CPU.Build.0 = Debug|Any CPU
		{A24F4D38-BA9C-4FD6-95B7-4980DE36131A}.Debug|Any CPU.ActiveCfg = Debug|Any CPU
		{A24F4D38-BA9C-4FD6-95B7-4980DE36131A}.Debug|Any CPU.Build.0 = Debug|Any CPU
		{A24F4D38-BA9C-4FD6-95B7-4980DE36131A}.Release|Any CPU.ActiveCfg = Release|Any CPU
		{A24F4D38-BA9C-4FD6-95B7-4980DE36131A}.Release|Any CPU.Build.0 = Release|Any CPU
		{A24F4D38-BA9C-4FD6-95B7-4980DE36131A}.Test|Any CPU.ActiveCfg = Debug|Any CPU
		{A24F4D38-BA9C-4FD6-95B7-4980DE36131A}.Test|Any CPU.Build.0 = Debug|Any CPU
		{40B77789-EA11-4C05-8F52-86711D7BCAAF}.Debug|Any CPU.ActiveCfg = Debug|Any CPU
		{40B77789-EA11-4C05-8F52-86711D7BCAAF}.Debug|Any CPU.Build.0 = Debug|Any CPU
		{40B77789-EA11-4C05-8F52-86711D7BCAAF}.Release|Any CPU.ActiveCfg = Release|Any CPU
		{40B77789-EA11-4C05-8F52-86711D7BCAAF}.Release|Any CPU.Build.0 = Release|Any CPU
		{40B77789-EA11-4C05-8F52-86711D7BCAAF}.Test|Any CPU.ActiveCfg = Debug|Any CPU
		{40B77789-EA11-4C05-8F52-86711D7BCAAF}.Test|Any CPU.Build.0 = Debug|Any CPU
		{153FEF72-191C-43D9-BE71-2B351C7AC760}.Debug|Any CPU.ActiveCfg = Debug|Any CPU
		{153FEF72-191C-43D9-BE71-2B351C7AC760}.Debug|Any CPU.Build.0 = Debug|Any CPU
		{153FEF72-191C-43D9-BE71-2B351C7AC760}.Release|Any CPU.ActiveCfg = Release|Any CPU
		{153FEF72-191C-43D9-BE71-2B351C7AC760}.Release|Any CPU.Build.0 = Release|Any CPU
		{153FEF72-191C-43D9-BE71-2B351C7AC760}.Test|Any CPU.ActiveCfg = Debug|Any CPU
		{153FEF72-191C-43D9-BE71-2B351C7AC760}.Test|Any CPU.Build.0 = Debug|Any CPU
		{BDBB6CE9-C3CE-49C1-A05E-2D7628430A02}.Debug|Any CPU.ActiveCfg = Debug|Any CPU
		{BDBB6CE9-C3CE-49C1-A05E-2D7628430A02}.Release|Any CPU.ActiveCfg = Release|Any CPU
		{BDBB6CE9-C3CE-49C1-A05E-2D7628430A02}.Test|Any CPU.ActiveCfg = Debug|Any CPU
		{BDBB6CE9-C3CE-49C1-A05E-2D7628430A02}.Test|Any CPU.Build.0 = Debug|Any CPU
		{01987BAC-C498-44DD-B274-62EA2506B51D}.Debug|Any CPU.ActiveCfg = Debug|Any CPU
		{01987BAC-C498-44DD-B274-62EA2506B51D}.Debug|Any CPU.Build.0 = Debug|Any CPU
		{01987BAC-C498-44DD-B274-62EA2506B51D}.Release|Any CPU.ActiveCfg = Release|Any CPU
		{01987BAC-C498-44DD-B274-62EA2506B51D}.Release|Any CPU.Build.0 = Release|Any CPU
		{01987BAC-C498-44DD-B274-62EA2506B51D}.Test|Any CPU.ActiveCfg = Debug|Any CPU
		{01987BAC-C498-44DD-B274-62EA2506B51D}.Test|Any CPU.Build.0 = Debug|Any CPU
		{55BAA051-CE62-4D4A-81B6-68B042CC78E9}.Debug|Any CPU.ActiveCfg = Debug|Any CPU
		{55BAA051-CE62-4D4A-81B6-68B042CC78E9}.Debug|Any CPU.Build.0 = Debug|Any CPU
		{55BAA051-CE62-4D4A-81B6-68B042CC78E9}.Release|Any CPU.ActiveCfg = Release|Any CPU
		{55BAA051-CE62-4D4A-81B6-68B042CC78E9}.Release|Any CPU.Build.0 = Release|Any CPU
		{55BAA051-CE62-4D4A-81B6-68B042CC78E9}.Test|Any CPU.ActiveCfg = Debug|Any CPU
		{55BAA051-CE62-4D4A-81B6-68B042CC78E9}.Test|Any CPU.Build.0 = Debug|Any CPU
		{49BA8E71-4F97-40D6-BBE7-22B71D222486}.Debug|Any CPU.ActiveCfg = Debug|Any CPU
		{49BA8E71-4F97-40D6-BBE7-22B71D222486}.Debug|Any CPU.Build.0 = Debug|Any CPU
		{49BA8E71-4F97-40D6-BBE7-22B71D222486}.Release|Any CPU.ActiveCfg = Release|Any CPU
		{49BA8E71-4F97-40D6-BBE7-22B71D222486}.Release|Any CPU.Build.0 = Release|Any CPU
		{49BA8E71-4F97-40D6-BBE7-22B71D222486}.Test|Any CPU.ActiveCfg = Release|Any CPU
		{49BA8E71-4F97-40D6-BBE7-22B71D222486}.Test|Any CPU.Build.0 = Release|Any CPU
	EndGlobalSection
	GlobalSection(SolutionProperties) = preSolution
		HideSolutionNode = FALSE
	EndGlobalSection
EndGlobal
