
Microsoft Visual Studio Solution File, Format Version 12.00
# Visual Studio 15
VisualStudioVersion = 15.0.26124.0
MinimumVisualStudioVersion = 15.0.26124.0
Project("{2150E333-8FDC-42A3-9474-1A3956D46DE8}") = "src", "src", "{DDA4741E-097F-40C3-A252-2E1E3476C1A7}"
EndProject
Project("{FAE04EC0-301F-11D3-BF4B-00C04F79EFBC}") = "SuperSocket.Primitives", "src\SuperSocket.Primitives\SuperSocket.Primitives.csproj", "{A1317CCC-70F4-4F32-84DE-2AAF68E346D2}"
EndProject
Project("{FAE04EC0-301F-11D3-BF4B-00C04F79EFBC}") = "SuperSocket.Channel", "src\SuperSocket.Channel\SuperSocket.Channel.csproj", "{829C73CC-6166-4DF8-9FAF-18B55E15D5B2}"
EndProject
Project("{FAE04EC0-301F-11D3-BF4B-00C04F79EFBC}") = "SuperSocket.ProtoBase", "src\SuperSocket.ProtoBase\SuperSocket.ProtoBase.csproj", "{7EE705BE-5645-451B-B5A2-50408F63A222}"
EndProject
Project("{FAE04EC0-301F-11D3-BF4B-00C04F79EFBC}") = "SuperSocket.Server", "src\SuperSocket.Server\SuperSocket.Server.csproj", "{0A6AD2CC-E14C-43FF-BDA8-0F6DD0290CA3}"
EndProject
Project("{2150E333-8FDC-42A3-9474-1A3956D46DE8}") = "test", "test", "{4040EEC4-6FB7-47B1-B487-23E043A0F52F}"
EndProject
Project("{FAE04EC0-301F-11D3-BF4B-00C04F79EFBC}") = "Test", "test\Test\Test.csproj", "{FF75EEF9-2CB9-4E6F-A5A8-38F2199B4B56}"
EndProject
Project("{FAE04EC0-301F-11D3-BF4B-00C04F79EFBC}") = "TestApp", "test\TestApp\TestApp.csproj", "{066391D4-9527-484F-8B37-BE365AF84792}"
EndProject
Global
	GlobalSection(SolutionConfigurationPlatforms) = preSolution
		Debug|Any CPU = Debug|Any CPU
		Debug|x64 = Debug|x64
		Debug|x86 = Debug|x86
		Release|Any CPU = Release|Any CPU
		Release|x64 = Release|x64
		Release|x86 = Release|x86
	EndGlobalSection
	GlobalSection(SolutionProperties) = preSolution
		HideSolutionNode = FALSE
	EndGlobalSection
	GlobalSection(ProjectConfigurationPlatforms) = postSolution
		{A1317CCC-70F4-4F32-84DE-2AAF68E346D2}.Debug|Any CPU.ActiveCfg = Debug|Any CPU
		{A1317CCC-70F4-4F32-84DE-2AAF68E346D2}.Debug|Any CPU.Build.0 = Debug|Any CPU
		{A1317CCC-70F4-4F32-84DE-2AAF68E346D2}.Debug|x64.ActiveCfg = Debug|Any CPU
		{A1317CCC-70F4-4F32-84DE-2AAF68E346D2}.Debug|x64.Build.0 = Debug|Any CPU
		{A1317CCC-70F4-4F32-84DE-2AAF68E346D2}.Debug|x86.ActiveCfg = Debug|Any CPU
		{A1317CCC-70F4-4F32-84DE-2AAF68E346D2}.Debug|x86.Build.0 = Debug|Any CPU
		{A1317CCC-70F4-4F32-84DE-2AAF68E346D2}.Release|Any CPU.ActiveCfg = Release|Any CPU
		{A1317CCC-70F4-4F32-84DE-2AAF68E346D2}.Release|Any CPU.Build.0 = Release|Any CPU
		{A1317CCC-70F4-4F32-84DE-2AAF68E346D2}.Release|x64.ActiveCfg = Release|Any CPU
		{A1317CCC-70F4-4F32-84DE-2AAF68E346D2}.Release|x64.Build.0 = Release|Any CPU
		{A1317CCC-70F4-4F32-84DE-2AAF68E346D2}.Release|x86.ActiveCfg = Release|Any CPU
		{A1317CCC-70F4-4F32-84DE-2AAF68E346D2}.Release|x86.Build.0 = Release|Any CPU
		{829C73CC-6166-4DF8-9FAF-18B55E15D5B2}.Debug|Any CPU.ActiveCfg = Debug|Any CPU
		{829C73CC-6166-4DF8-9FAF-18B55E15D5B2}.Debug|Any CPU.Build.0 = Debug|Any CPU
		{829C73CC-6166-4DF8-9FAF-18B55E15D5B2}.Debug|x64.ActiveCfg = Debug|Any CPU
		{829C73CC-6166-4DF8-9FAF-18B55E15D5B2}.Debug|x64.Build.0 = Debug|Any CPU
		{829C73CC-6166-4DF8-9FAF-18B55E15D5B2}.Debug|x86.ActiveCfg = Debug|Any CPU
		{829C73CC-6166-4DF8-9FAF-18B55E15D5B2}.Debug|x86.Build.0 = Debug|Any CPU
		{829C73CC-6166-4DF8-9FAF-18B55E15D5B2}.Release|Any CPU.ActiveCfg = Release|Any CPU
		{829C73CC-6166-4DF8-9FAF-18B55E15D5B2}.Release|Any CPU.Build.0 = Release|Any CPU
		{829C73CC-6166-4DF8-9FAF-18B55E15D5B2}.Release|x64.ActiveCfg = Release|Any CPU
		{829C73CC-6166-4DF8-9FAF-18B55E15D5B2}.Release|x64.Build.0 = Release|Any CPU
		{829C73CC-6166-4DF8-9FAF-18B55E15D5B2}.Release|x86.ActiveCfg = Release|Any CPU
		{829C73CC-6166-4DF8-9FAF-18B55E15D5B2}.Release|x86.Build.0 = Release|Any CPU
		{7EE705BE-5645-451B-B5A2-50408F63A222}.Debug|Any CPU.ActiveCfg = Debug|Any CPU
		{7EE705BE-5645-451B-B5A2-50408F63A222}.Debug|Any CPU.Build.0 = Debug|Any CPU
		{7EE705BE-5645-451B-B5A2-50408F63A222}.Debug|x64.ActiveCfg = Debug|Any CPU
		{7EE705BE-5645-451B-B5A2-50408F63A222}.Debug|x64.Build.0 = Debug|Any CPU
		{7EE705BE-5645-451B-B5A2-50408F63A222}.Debug|x86.ActiveCfg = Debug|Any CPU
		{7EE705BE-5645-451B-B5A2-50408F63A222}.Debug|x86.Build.0 = Debug|Any CPU
		{7EE705BE-5645-451B-B5A2-50408F63A222}.Release|Any CPU.ActiveCfg = Release|Any CPU
		{7EE705BE-5645-451B-B5A2-50408F63A222}.Release|Any CPU.Build.0 = Release|Any CPU
		{7EE705BE-5645-451B-B5A2-50408F63A222}.Release|x64.ActiveCfg = Release|Any CPU
		{7EE705BE-5645-451B-B5A2-50408F63A222}.Release|x64.Build.0 = Release|Any CPU
		{7EE705BE-5645-451B-B5A2-50408F63A222}.Release|x86.ActiveCfg = Release|Any CPU
		{7EE705BE-5645-451B-B5A2-50408F63A222}.Release|x86.Build.0 = Release|Any CPU\
		{0A6AD2CC-E14C-43FF-BDA8-0F6DD0290CA3}.Debug|Any CPU.ActiveCfg = Debug|Any CPU
		{0A6AD2CC-E14C-43FF-BDA8-0F6DD0290CA3}.Debug|Any CPU.Build.0 = Debug|Any CPU
		{0A6AD2CC-E14C-43FF-BDA8-0F6DD0290CA3}.Debug|x64.ActiveCfg = Debug|Any CPU
		{0A6AD2CC-E14C-43FF-BDA8-0F6DD0290CA3}.Debug|x64.Build.0 = Debug|Any CPU
		{0A6AD2CC-E14C-43FF-BDA8-0F6DD0290CA3}.Debug|x86.ActiveCfg = Debug|Any CPU
		{0A6AD2CC-E14C-43FF-BDA8-0F6DD0290CA3}.Debug|x86.Build.0 = Debug|Any CPU
		{0A6AD2CC-E14C-43FF-BDA8-0F6DD0290CA3}.Release|Any CPU.ActiveCfg = Release|Any CPU
		{0A6AD2CC-E14C-43FF-BDA8-0F6DD0290CA3}.Release|Any CPU.Build.0 = Release|Any CPU
		{0A6AD2CC-E14C-43FF-BDA8-0F6DD0290CA3}.Release|x64.ActiveCfg = Release|Any CPU
		{0A6AD2CC-E14C-43FF-BDA8-0F6DD0290CA3}.Release|x64.Build.0 = Release|Any CPU
		{0A6AD2CC-E14C-43FF-BDA8-0F6DD0290CA3}.Release|x86.ActiveCfg = Release|Any CPU
		{0A6AD2CC-E14C-43FF-BDA8-0F6DD0290CA3}.Release|x86.Build.0 = Release|Any CPU
		{FF75EEF9-2CB9-4E6F-A5A8-38F2199B4B56}.Debug|Any CPU.ActiveCfg = Debug|Any CPU
		{FF75EEF9-2CB9-4E6F-A5A8-38F2199B4B56}.Debug|Any CPU.Build.0 = Debug|Any CPU
		{FF75EEF9-2CB9-4E6F-A5A8-38F2199B4B56}.Debug|x64.ActiveCfg = Debug|Any CPU
		{FF75EEF9-2CB9-4E6F-A5A8-38F2199B4B56}.Debug|x64.Build.0 = Debug|Any CPU
		{FF75EEF9-2CB9-4E6F-A5A8-38F2199B4B56}.Debug|x86.ActiveCfg = Debug|Any CPU
		{FF75EEF9-2CB9-4E6F-A5A8-38F2199B4B56}.Debug|x86.Build.0 = Debug|Any CPU
		{FF75EEF9-2CB9-4E6F-A5A8-38F2199B4B56}.Release|Any CPU.ActiveCfg = Release|Any CPU
		{FF75EEF9-2CB9-4E6F-A5A8-38F2199B4B56}.Release|Any CPU.Build.0 = Release|Any CPU
		{FF75EEF9-2CB9-4E6F-A5A8-38F2199B4B56}.Release|x64.ActiveCfg = Release|Any CPU
		{FF75EEF9-2CB9-4E6F-A5A8-38F2199B4B56}.Release|x64.Build.0 = Release|Any CPU
		{FF75EEF9-2CB9-4E6F-A5A8-38F2199B4B56}.Release|x86.ActiveCfg = Release|Any CPU
		{FF75EEF9-2CB9-4E6F-A5A8-38F2199B4B56}.Release|x86.Build.0 = Release|Any CPU
		{066391D4-9527-484F-8B37-BE365AF84792}.Debug|Any CPU.ActiveCfg = Debug|Any CPU
		{066391D4-9527-484F-8B37-BE365AF84792}.Debug|Any CPU.Build.0 = Debug|Any CPU
		{066391D4-9527-484F-8B37-BE365AF84792}.Debug|x64.ActiveCfg = Debug|Any CPU
		{066391D4-9527-484F-8B37-BE365AF84792}.Debug|x64.Build.0 = Debug|Any CPU
		{066391D4-9527-484F-8B37-BE365AF84792}.Debug|x86.ActiveCfg = Debug|Any CPU
		{066391D4-9527-484F-8B37-BE365AF84792}.Debug|x86.Build.0 = Debug|Any CPU
		{066391D4-9527-484F-8B37-BE365AF84792}.Release|Any CPU.ActiveCfg = Release|Any CPU
		{066391D4-9527-484F-8B37-BE365AF84792}.Release|Any CPU.Build.0 = Release|Any CPU
		{066391D4-9527-484F-8B37-BE365AF84792}.Release|x64.ActiveCfg = Release|Any CPU
		{066391D4-9527-484F-8B37-BE365AF84792}.Release|x64.Build.0 = Release|Any CPU
		{066391D4-9527-484F-8B37-BE365AF84792}.Release|x86.ActiveCfg = Release|Any CPU
		{066391D4-9527-484F-8B37-BE365AF84792}.Release|x86.Build.0 = Release|Any CPU
	EndGlobalSection
	GlobalSection(NestedProjects) = preSolution
		{A1317CCC-70F4-4F32-84DE-2AAF68E346D2} = {DDA4741E-097F-40C3-A252-2E1E3476C1A7}
		{829C73CC-6166-4DF8-9FAF-18B55E15D5B2} = {DDA4741E-097F-40C3-A252-2E1E3476C1A7}
		{7EE705BE-5645-451B-B5A2-50408F63A222} = {DDA4741E-097F-40C3-A252-2E1E3476C1A7}
		{3820E4F4-D56D-4B17-B433-C898A83C5583} = {DDA4741E-097F-40C3-A252-2E1E3476C1A7}
		{A14C9006-9821-42E1-8C0F-6D0FD50D9C33} = {DDA4741E-097F-40C3-A252-2E1E3476C1A7}
		{0A6AD2CC-E14C-43FF-BDA8-0F6DD0290CA3} = {DDA4741E-097F-40C3-A252-2E1E3476C1A7}
		{FF75EEF9-2CB9-4E6F-A5A8-38F2199B4B56} = {4040EEC4-6FB7-47B1-B487-23E043A0F52F}
		{066391D4-9527-484F-8B37-BE365AF84792} = {4040EEC4-6FB7-47B1-B487-23E043A0F52F}
	EndGlobalSection
EndGlobal
