
Microsoft Visual Studio Solution File, Format Version 12.00
# Visual Studio Version 16
VisualStudioVersion = 16.0.31129.286
MinimumVisualStudioVersion = 15.0.26124.0
Project("{2150E333-8FDC-42A3-9474-1A3956D46DE8}") = "src", "src", "{DDA4741E-097F-40C3-A252-2E1E3476C1A7}"
EndProject
Project("{2150E333-8FDC-42A3-9474-1A3956D46DE8}") = "test", "test", "{4040EEC4-6FB7-47B1-B487-23E043A0F52F}"
EndProject
Project("{9A19103F-16F7-4668-BE54-9A1E7A4F7556}") = "SuperSocket.Tests", "test\SuperSocket.Tests\SuperSocket.Tests.csproj", "{FF75EEF9-2CB9-4E6F-A5A8-38F2199B4B56}"
EndProject
Project("{9A19103F-16F7-4668-BE54-9A1E7A4F7556}") = "SuperSocket.Benchmarks", "test\SuperSocket.Benchmarks\SuperSocket.Benchmarks.csproj", "{4DFB226C-2D1A-4346-B984-468A523209AF}"
EndProject
Project("{2150E333-8FDC-42A3-9474-1A3956D46DE8}") = "samples", "samples", "{59F58C72-676D-49C5-9377-58043D9A1013}"
EndProject
Project("{9A19103F-16F7-4668-BE54-9A1E7A4F7556}") = "WebSocketServer", "samples\WebSocketServer\WebSocketServer.csproj", "{421EAADD-8A1E-4B12-BB9C-EB1162401FB0}"
EndProject
Project("{9A19103F-16F7-4668-BE54-9A1E7A4F7556}") = "AspNetSample", "samples\AspNetSample\AspNetSample.csproj", "{86186EDA-BBDA-4371-9597-D67C8EED0A65}"
EndProject
Project("{9A19103F-16F7-4668-BE54-9A1E7A4F7556}") = "BasicClient", "samples\BasicClient\BasicClient.csproj", "{434F5B4F-AADA-4141-9F03-16082EFB735E}"
EndProject
Project("{9A19103F-16F7-4668-BE54-9A1E7A4F7556}") = "CommandServer", "samples\CommandServer\CommandServer.csproj", "{97F1F9A4-D2FC-4B83-BCBD-16F00A083BE3}"
EndProject
Project("{9A19103F-16F7-4668-BE54-9A1E7A4F7556}") = "ConfigSample", "samples\ConfigSample\ConfigSample.csproj", "{7516CFDF-E105-46CD-8627-7ED1768B5DF5}"
EndProject
Project("{9A19103F-16F7-4668-BE54-9A1E7A4F7556}") = "CustomProtocol", "samples\CustomProtocol\CustomProtocol.csproj", "{0B3304A9-8F33-4F77-878E-BED410768713}"
EndProject
Project("{9A19103F-16F7-4668-BE54-9A1E7A4F7556}") = "SwitchPipelineFilter", "samples\SwitchPipelineFilter\SwitchPipelineFilter.csproj", "{2E66B0DE-DCA8-472D-BB14-C24DED050CC8}"
EndProject
Project("{9A19103F-16F7-4668-BE54-9A1E7A4F7556}") = "SuperSocket.Channel", "src\SuperSocket.Channel\SuperSocket.Channel.csproj", "{4D1106EC-D13C-4BA6-8287-914B4D996DD4}"
EndProject
Project("{9A19103F-16F7-4668-BE54-9A1E7A4F7556}") = "SuperSocket.Client", "src\SuperSocket.Client\SuperSocket.Client.csproj", "{89B5EB21-CA54-4DAE-8896-1C8208EABD97}"
EndProject
Project("{FAE04EC0-301F-11D3-BF4B-00C04F79EFBC}") = "SuperSocket.Http", "src\SuperSocket.Http\SuperSocket.Http.csproj", "{18D6577A-B82D-4254-9E9D-54CE71A60AD3}"
EndProject
Project("{FAE04EC0-301F-11D3-BF4B-00C04F79EFBC}") = "SuperSocket.ProtoBase", "src\SuperSocket.ProtoBase\SuperSocket.ProtoBase.csproj", "{560B1048-3022-4A4B-AAB2-310B4576A3B3}"
EndProject
Project("{9A19103F-16F7-4668-BE54-9A1E7A4F7556}") = "SuperSocket.Client.Proxy", "src\SuperSocket.Client.Proxy\SuperSocket.Client.Proxy.csproj", "{CF78511E-3D9D-434C-A366-2D83E24D4100}"
EndProject
Project("{9A19103F-16F7-4668-BE54-9A1E7A4F7556}") = "SuperSocket.Primitives", "src\SuperSocket.Primitives\SuperSocket.Primitives.csproj", "{87FEAFFE-F850-4F25-87EC-F1103817B230}"
EndProject
Project("{9A19103F-16F7-4668-BE54-9A1E7A4F7556}") = "SuperSocket.Server", "src\SuperSocket.Server\SuperSocket.Server.csproj", "{87056181-4404-466B-807A-C93087CE44F9}"
EndProject
Project("{FAE04EC0-301F-11D3-BF4B-00C04F79EFBC}") = "SuperSocket.SessionContainer", "src\SuperSocket.SessionContainer\SuperSocket.SessionContainer.csproj", "{2E16011D-B8F3-45EA-B9F5-0B64FAC11A21}"
EndProject
Project("{FAE04EC0-301F-11D3-BF4B-00C04F79EFBC}") = "SuperSocket.Udp", "src\SuperSocket.Udp\SuperSocket.Udp.csproj", "{97F659C5-201B-4F6C-BAD4-D3998F73CDFB}"
EndProject
Project("{FAE04EC0-301F-11D3-BF4B-00C04F79EFBC}") = "SuperSocket.WebSocket", "src\SuperSocket.WebSocket\SuperSocket.WebSocket.csproj", "{500748DF-93C9-4FC5-B815-BCFC08771BC4}"
EndProject
Project("{FAE04EC0-301F-11D3-BF4B-00C04F79EFBC}") = "SuperSocket.WebSocket.Server", "src\SuperSocket.WebSocket.Server\SuperSocket.WebSocket.Server.csproj", "{D949A5F0-36D7-40BA-BD76-768D06A33D5C}"
EndProject
Project("{FAE04EC0-301F-11D3-BF4B-00C04F79EFBC}") = "SuperSocket.Command", "src\SuperSocket.Command\SuperSocket.Command.csproj", "{47186EC1-EA18-4A1B-93DB-EAC9029ACC0C}"
EndProject
Project("{9A19103F-16F7-4668-BE54-9A1E7A4F7556}") = "WebSocketPushServer", "samples\WebSocketPushServer\WebSocketPushServer.csproj", "{9DA82449-19C3-4CAC-835A-00F1F08C3E36}"
EndProject
Project("{FAE04EC0-301F-11D3-BF4B-00C04F79EFBC}") = "SuperSocket.Tests.Command", "test\SuperSocket.Tests.Command\SuperSocket.Tests.Command.csproj", "{CD3AB558-2E72-4976-ABD2-81C81791B535}"
EndProject
Global
	GlobalSection(SolutionConfigurationPlatforms) = preSolution
		Debug|Any CPU = Debug|Any CPU
		Debug|x64 = Debug|x64
		Debug|x86 = Debug|x86
		Release|Any CPU = Release|Any CPU
		Release|x64 = Release|x64
		Release|x86 = Release|x86
	EndGlobalSection
	GlobalSection(ProjectConfigurationPlatforms) = postSolution
		{FF75EEF9-2CB9-4E6F-A5A8-38F2199B4B56}.Debug|Any CPU.ActiveCfg = Debug|Any CPU
		{FF75EEF9-2CB9-4E6F-A5A8-38F2199B4B56}.Debug|Any CPU.Build.0 = Debug|Any CPU
		{FF75EEF9-2CB9-4E6F-A5A8-38F2199B4B56}.Debug|x64.ActiveCfg = Debug|Any CPU
		{FF75EEF9-2CB9-4E6F-A5A8-38F2199B4B56}.Debug|x64.Build.0 = Debug|Any CPU
		{FF75EEF9-2CB9-4E6F-A5A8-38F2199B4B56}.Debug|x86.ActiveCfg = Debug|Any CPU
		{FF75EEF9-2CB9-4E6F-A5A8-38F2199B4B56}.Debug|x86.Build.0 = Debug|Any CPU
		{FF75EEF9-2CB9-4E6F-A5A8-38F2199B4B56}.Release|Any CPU.ActiveCfg = Release|Any CPU
		{FF75EEF9-2CB9-4E6F-A5A8-38F2199B4B56}.Release|Any CPU.Build.0 = Release|Any CPU
		{FF75EEF9-2CB9-4E6F-A5A8-38F2199B4B56}.Release|x64.ActiveCfg = Release|Any CPU
		{FF75EEF9-2CB9-4E6F-A5A8-38F2199B4B56}.Release|x64.Build.0 = Release|Any CPU
		{FF75EEF9-2CB9-4E6F-A5A8-38F2199B4B56}.Release|x86.ActiveCfg = Release|Any CPU
		{FF75EEF9-2CB9-4E6F-A5A8-38F2199B4B56}.Release|x86.Build.0 = Release|Any CPU
		{4DFB226C-2D1A-4346-B984-468A523209AF}.Debug|Any CPU.ActiveCfg = Debug|Any CPU
		{4DFB226C-2D1A-4346-B984-468A523209AF}.Debug|Any CPU.Build.0 = Debug|Any CPU
		{4DFB226C-2D1A-4346-B984-468A523209AF}.Debug|x64.ActiveCfg = Debug|Any CPU
		{4DFB226C-2D1A-4346-B984-468A523209AF}.Debug|x64.Build.0 = Debug|Any CPU
		{4DFB226C-2D1A-4346-B984-468A523209AF}.Debug|x86.ActiveCfg = Debug|Any CPU
		{4DFB226C-2D1A-4346-B984-468A523209AF}.Debug|x86.Build.0 = Debug|Any CPU
		{4DFB226C-2D1A-4346-B984-468A523209AF}.Release|Any CPU.ActiveCfg = Release|Any CPU
		{4DFB226C-2D1A-4346-B984-468A523209AF}.Release|Any CPU.Build.0 = Release|Any CPU
		{4DFB226C-2D1A-4346-B984-468A523209AF}.Release|x64.ActiveCfg = Release|Any CPU
		{4DFB226C-2D1A-4346-B984-468A523209AF}.Release|x64.Build.0 = Release|Any CPU
		{4DFB226C-2D1A-4346-B984-468A523209AF}.Release|x86.ActiveCfg = Release|Any CPU
		{4DFB226C-2D1A-4346-B984-468A523209AF}.Release|x86.Build.0 = Release|Any CPU
		{421EAADD-8A1E-4B12-BB9C-EB1162401FB0}.Debug|Any CPU.ActiveCfg = Debug|Any CPU
		{421EAADD-8A1E-4B12-BB9C-EB1162401FB0}.Debug|Any CPU.Build.0 = Debug|Any CPU
		{421EAADD-8A1E-4B12-BB9C-EB1162401FB0}.Debug|x64.ActiveCfg = Debug|Any CPU
		{421EAADD-8A1E-4B12-BB9C-EB1162401FB0}.Debug|x64.Build.0 = Debug|Any CPU
		{421EAADD-8A1E-4B12-BB9C-EB1162401FB0}.Debug|x86.ActiveCfg = Debug|Any CPU
		{421EAADD-8A1E-4B12-BB9C-EB1162401FB0}.Debug|x86.Build.0 = Debug|Any CPU
		{421EAADD-8A1E-4B12-BB9C-EB1162401FB0}.Release|Any CPU.ActiveCfg = Release|Any CPU
		{421EAADD-8A1E-4B12-BB9C-EB1162401FB0}.Release|Any CPU.Build.0 = Release|Any CPU
		{421EAADD-8A1E-4B12-BB9C-EB1162401FB0}.Release|x64.ActiveCfg = Release|Any CPU
		{421EAADD-8A1E-4B12-BB9C-EB1162401FB0}.Release|x64.Build.0 = Release|Any CPU
		{421EAADD-8A1E-4B12-BB9C-EB1162401FB0}.Release|x86.ActiveCfg = Release|Any CPU
		{421EAADD-8A1E-4B12-BB9C-EB1162401FB0}.Release|x86.Build.0 = Release|Any CPU
		{86186EDA-BBDA-4371-9597-D67C8EED0A65}.Debug|Any CPU.ActiveCfg = Debug|Any CPU
		{86186EDA-BBDA-4371-9597-D67C8EED0A65}.Debug|Any CPU.Build.0 = Debug|Any CPU
		{86186EDA-BBDA-4371-9597-D67C8EED0A65}.Debug|x64.ActiveCfg = Debug|Any CPU
		{86186EDA-BBDA-4371-9597-D67C8EED0A65}.Debug|x64.Build.0 = Debug|Any CPU
		{86186EDA-BBDA-4371-9597-D67C8EED0A65}.Debug|x86.ActiveCfg = Debug|Any CPU
		{86186EDA-BBDA-4371-9597-D67C8EED0A65}.Debug|x86.Build.0 = Debug|Any CPU
		{86186EDA-BBDA-4371-9597-D67C8EED0A65}.Release|Any CPU.ActiveCfg = Release|Any CPU
		{86186EDA-BBDA-4371-9597-D67C8EED0A65}.Release|Any CPU.Build.0 = Release|Any CPU
		{86186EDA-BBDA-4371-9597-D67C8EED0A65}.Release|x64.ActiveCfg = Release|Any CPU
		{86186EDA-BBDA-4371-9597-D67C8EED0A65}.Release|x64.Build.0 = Release|Any CPU
		{86186EDA-BBDA-4371-9597-D67C8EED0A65}.Release|x86.ActiveCfg = Release|Any CPU
		{86186EDA-BBDA-4371-9597-D67C8EED0A65}.Release|x86.Build.0 = Release|Any CPU
		{434F5B4F-AADA-4141-9F03-16082EFB735E}.Debug|Any CPU.ActiveCfg = Debug|Any CPU
		{434F5B4F-AADA-4141-9F03-16082EFB735E}.Debug|Any CPU.Build.0 = Debug|Any CPU
		{434F5B4F-AADA-4141-9F03-16082EFB735E}.Debug|x64.ActiveCfg = Debug|Any CPU
		{434F5B4F-AADA-4141-9F03-16082EFB735E}.Debug|x64.Build.0 = Debug|Any CPU
		{434F5B4F-AADA-4141-9F03-16082EFB735E}.Debug|x86.ActiveCfg = Debug|Any CPU
		{434F5B4F-AADA-4141-9F03-16082EFB735E}.Debug|x86.Build.0 = Debug|Any CPU
		{434F5B4F-AADA-4141-9F03-16082EFB735E}.Release|Any CPU.ActiveCfg = Release|Any CPU
		{434F5B4F-AADA-4141-9F03-16082EFB735E}.Release|Any CPU.Build.0 = Release|Any CPU
		{434F5B4F-AADA-4141-9F03-16082EFB735E}.Release|x64.ActiveCfg = Release|Any CPU
		{434F5B4F-AADA-4141-9F03-16082EFB735E}.Release|x64.Build.0 = Release|Any CPU
		{434F5B4F-AADA-4141-9F03-16082EFB735E}.Release|x86.ActiveCfg = Release|Any CPU
		{434F5B4F-AADA-4141-9F03-16082EFB735E}.Release|x86.Build.0 = Release|Any CPU
		{97F1F9A4-D2FC-4B83-BCBD-16F00A083BE3}.Debug|Any CPU.ActiveCfg = Debug|Any CPU
		{97F1F9A4-D2FC-4B83-BCBD-16F00A083BE3}.Debug|Any CPU.Build.0 = Debug|Any CPU
		{97F1F9A4-D2FC-4B83-BCBD-16F00A083BE3}.Debug|x64.ActiveCfg = Debug|Any CPU
		{97F1F9A4-D2FC-4B83-BCBD-16F00A083BE3}.Debug|x64.Build.0 = Debug|Any CPU
		{97F1F9A4-D2FC-4B83-BCBD-16F00A083BE3}.Debug|x86.ActiveCfg = Debug|Any CPU
		{97F1F9A4-D2FC-4B83-BCBD-16F00A083BE3}.Debug|x86.Build.0 = Debug|Any CPU
		{97F1F9A4-D2FC-4B83-BCBD-16F00A083BE3}.Release|Any CPU.ActiveCfg = Release|Any CPU
		{97F1F9A4-D2FC-4B83-BCBD-16F00A083BE3}.Release|Any CPU.Build.0 = Release|Any CPU
		{97F1F9A4-D2FC-4B83-BCBD-16F00A083BE3}.Release|x64.ActiveCfg = Release|Any CPU
		{97F1F9A4-D2FC-4B83-BCBD-16F00A083BE3}.Release|x64.Build.0 = Release|Any CPU
		{97F1F9A4-D2FC-4B83-BCBD-16F00A083BE3}.Release|x86.ActiveCfg = Release|Any CPU
		{97F1F9A4-D2FC-4B83-BCBD-16F00A083BE3}.Release|x86.Build.0 = Release|Any CPU
		{7516CFDF-E105-46CD-8627-7ED1768B5DF5}.Debug|Any CPU.ActiveCfg = Debug|Any CPU
		{7516CFDF-E105-46CD-8627-7ED1768B5DF5}.Debug|Any CPU.Build.0 = Debug|Any CPU
		{7516CFDF-E105-46CD-8627-7ED1768B5DF5}.Debug|x64.ActiveCfg = Debug|Any CPU
		{7516CFDF-E105-46CD-8627-7ED1768B5DF5}.Debug|x64.Build.0 = Debug|Any CPU
		{7516CFDF-E105-46CD-8627-7ED1768B5DF5}.Debug|x86.ActiveCfg = Debug|Any CPU
		{7516CFDF-E105-46CD-8627-7ED1768B5DF5}.Debug|x86.Build.0 = Debug|Any CPU
		{7516CFDF-E105-46CD-8627-7ED1768B5DF5}.Release|Any CPU.ActiveCfg = Release|Any CPU
		{7516CFDF-E105-46CD-8627-7ED1768B5DF5}.Release|Any CPU.Build.0 = Release|Any CPU
		{7516CFDF-E105-46CD-8627-7ED1768B5DF5}.Release|x64.ActiveCfg = Release|Any CPU
		{7516CFDF-E105-46CD-8627-7ED1768B5DF5}.Release|x64.Build.0 = Release|Any CPU
		{7516CFDF-E105-46CD-8627-7ED1768B5DF5}.Release|x86.ActiveCfg = Release|Any CPU
		{7516CFDF-E105-46CD-8627-7ED1768B5DF5}.Release|x86.Build.0 = Release|Any CPU
		{0B3304A9-8F33-4F77-878E-BED410768713}.Debug|Any CPU.ActiveCfg = Debug|Any CPU
		{0B3304A9-8F33-4F77-878E-BED410768713}.Debug|Any CPU.Build.0 = Debug|Any CPU
		{0B3304A9-8F33-4F77-878E-BED410768713}.Debug|x64.ActiveCfg = Debug|Any CPU
		{0B3304A9-8F33-4F77-878E-BED410768713}.Debug|x64.Build.0 = Debug|Any CPU
		{0B3304A9-8F33-4F77-878E-BED410768713}.Debug|x86.ActiveCfg = Debug|Any CPU
		{0B3304A9-8F33-4F77-878E-BED410768713}.Debug|x86.Build.0 = Debug|Any CPU
		{0B3304A9-8F33-4F77-878E-BED410768713}.Release|Any CPU.ActiveCfg = Release|Any CPU
		{0B3304A9-8F33-4F77-878E-BED410768713}.Release|Any CPU.Build.0 = Release|Any CPU
		{0B3304A9-8F33-4F77-878E-BED410768713}.Release|x64.ActiveCfg = Release|Any CPU
		{0B3304A9-8F33-4F77-878E-BED410768713}.Release|x64.Build.0 = Release|Any CPU
		{0B3304A9-8F33-4F77-878E-BED410768713}.Release|x86.ActiveCfg = Release|Any CPU
		{0B3304A9-8F33-4F77-878E-BED410768713}.Release|x86.Build.0 = Release|Any CPU
		{2E66B0DE-DCA8-472D-BB14-C24DED050CC8}.Debug|Any CPU.ActiveCfg = Debug|Any CPU
		{2E66B0DE-DCA8-472D-BB14-C24DED050CC8}.Debug|Any CPU.Build.0 = Debug|Any CPU
		{2E66B0DE-DCA8-472D-BB14-C24DED050CC8}.Debug|x64.ActiveCfg = Debug|Any CPU
		{2E66B0DE-DCA8-472D-BB14-C24DED050CC8}.Debug|x64.Build.0 = Debug|Any CPU
		{2E66B0DE-DCA8-472D-BB14-C24DED050CC8}.Debug|x86.ActiveCfg = Debug|Any CPU
		{2E66B0DE-DCA8-472D-BB14-C24DED050CC8}.Debug|x86.Build.0 = Debug|Any CPU
		{2E66B0DE-DCA8-472D-BB14-C24DED050CC8}.Release|Any CPU.ActiveCfg = Release|Any CPU
		{2E66B0DE-DCA8-472D-BB14-C24DED050CC8}.Release|Any CPU.Build.0 = Release|Any CPU
		{2E66B0DE-DCA8-472D-BB14-C24DED050CC8}.Release|x64.ActiveCfg = Release|Any CPU
		{2E66B0DE-DCA8-472D-BB14-C24DED050CC8}.Release|x64.Build.0 = Release|Any CPU
		{2E66B0DE-DCA8-472D-BB14-C24DED050CC8}.Release|x86.ActiveCfg = Release|Any CPU
		{2E66B0DE-DCA8-472D-BB14-C24DED050CC8}.Release|x86.Build.0 = Release|Any CPU
		{4D1106EC-D13C-4BA6-8287-914B4D996DD4}.Debug|Any CPU.ActiveCfg = Debug|Any CPU
		{4D1106EC-D13C-4BA6-8287-914B4D996DD4}.Debug|Any CPU.Build.0 = Debug|Any CPU
		{4D1106EC-D13C-4BA6-8287-914B4D996DD4}.Debug|x64.ActiveCfg = Debug|Any CPU
		{4D1106EC-D13C-4BA6-8287-914B4D996DD4}.Debug|x64.Build.0 = Debug|Any CPU
		{4D1106EC-D13C-4BA6-8287-914B4D996DD4}.Debug|x86.ActiveCfg = Debug|Any CPU
		{4D1106EC-D13C-4BA6-8287-914B4D996DD4}.Debug|x86.Build.0 = Debug|Any CPU
		{4D1106EC-D13C-4BA6-8287-914B4D996DD4}.Release|Any CPU.ActiveCfg = Release|Any CPU
		{4D1106EC-D13C-4BA6-8287-914B4D996DD4}.Release|Any CPU.Build.0 = Release|Any CPU
		{4D1106EC-D13C-4BA6-8287-914B4D996DD4}.Release|x64.ActiveCfg = Release|Any CPU
		{4D1106EC-D13C-4BA6-8287-914B4D996DD4}.Release|x64.Build.0 = Release|Any CPU
		{4D1106EC-D13C-4BA6-8287-914B4D996DD4}.Release|x86.ActiveCfg = Release|Any CPU
		{4D1106EC-D13C-4BA6-8287-914B4D996DD4}.Release|x86.Build.0 = Release|Any CPU
		{89B5EB21-CA54-4DAE-8896-1C8208EABD97}.Debug|Any CPU.ActiveCfg = Debug|Any CPU
		{89B5EB21-CA54-4DAE-8896-1C8208EABD97}.Debug|Any CPU.Build.0 = Debug|Any CPU
		{89B5EB21-CA54-4DAE-8896-1C8208EABD97}.Debug|x64.ActiveCfg = Debug|Any CPU
		{89B5EB21-CA54-4DAE-8896-1C8208EABD97}.Debug|x64.Build.0 = Debug|Any CPU
		{89B5EB21-CA54-4DAE-8896-1C8208EABD97}.Debug|x86.ActiveCfg = Debug|Any CPU
		{89B5EB21-CA54-4DAE-8896-1C8208EABD97}.Debug|x86.Build.0 = Debug|Any CPU
		{89B5EB21-CA54-4DAE-8896-1C8208EABD97}.Release|Any CPU.ActiveCfg = Release|Any CPU
		{89B5EB21-CA54-4DAE-8896-1C8208EABD97}.Release|Any CPU.Build.0 = Release|Any CPU
		{89B5EB21-CA54-4DAE-8896-1C8208EABD97}.Release|x64.ActiveCfg = Release|Any CPU
		{89B5EB21-CA54-4DAE-8896-1C8208EABD97}.Release|x64.Build.0 = Release|Any CPU
		{89B5EB21-CA54-4DAE-8896-1C8208EABD97}.Release|x86.ActiveCfg = Release|Any CPU
		{89B5EB21-CA54-4DAE-8896-1C8208EABD97}.Release|x86.Build.0 = Release|Any CPU
		{18D6577A-B82D-4254-9E9D-54CE71A60AD3}.Debug|Any CPU.ActiveCfg = Debug|Any CPU
		{18D6577A-B82D-4254-9E9D-54CE71A60AD3}.Debug|Any CPU.Build.0 = Debug|Any CPU
		{18D6577A-B82D-4254-9E9D-54CE71A60AD3}.Debug|x64.ActiveCfg = Debug|Any CPU
		{18D6577A-B82D-4254-9E9D-54CE71A60AD3}.Debug|x64.Build.0 = Debug|Any CPU
		{18D6577A-B82D-4254-9E9D-54CE71A60AD3}.Debug|x86.ActiveCfg = Debug|Any CPU
		{18D6577A-B82D-4254-9E9D-54CE71A60AD3}.Debug|x86.Build.0 = Debug|Any CPU
		{18D6577A-B82D-4254-9E9D-54CE71A60AD3}.Release|Any CPU.ActiveCfg = Release|Any CPU
		{18D6577A-B82D-4254-9E9D-54CE71A60AD3}.Release|Any CPU.Build.0 = Release|Any CPU
		{18D6577A-B82D-4254-9E9D-54CE71A60AD3}.Release|x64.ActiveCfg = Release|Any CPU
		{18D6577A-B82D-4254-9E9D-54CE71A60AD3}.Release|x64.Build.0 = Release|Any CPU
		{18D6577A-B82D-4254-9E9D-54CE71A60AD3}.Release|x86.ActiveCfg = Release|Any CPU
		{18D6577A-B82D-4254-9E9D-54CE71A60AD3}.Release|x86.Build.0 = Release|Any CPU
		{560B1048-3022-4A4B-AAB2-310B4576A3B3}.Debug|Any CPU.ActiveCfg = Debug|Any CPU
		{560B1048-3022-4A4B-AAB2-310B4576A3B3}.Debug|Any CPU.Build.0 = Debug|Any CPU
		{560B1048-3022-4A4B-AAB2-310B4576A3B3}.Debug|x64.ActiveCfg = Debug|Any CPU
		{560B1048-3022-4A4B-AAB2-310B4576A3B3}.Debug|x64.Build.0 = Debug|Any CPU
		{560B1048-3022-4A4B-AAB2-310B4576A3B3}.Debug|x86.ActiveCfg = Debug|Any CPU
		{560B1048-3022-4A4B-AAB2-310B4576A3B3}.Debug|x86.Build.0 = Debug|Any CPU
		{560B1048-3022-4A4B-AAB2-310B4576A3B3}.Release|Any CPU.ActiveCfg = Release|Any CPU
		{560B1048-3022-4A4B-AAB2-310B4576A3B3}.Release|Any CPU.Build.0 = Release|Any CPU
		{560B1048-3022-4A4B-AAB2-310B4576A3B3}.Release|x64.ActiveCfg = Release|Any CPU
		{560B1048-3022-4A4B-AAB2-310B4576A3B3}.Release|x64.Build.0 = Release|Any CPU
		{560B1048-3022-4A4B-AAB2-310B4576A3B3}.Release|x86.ActiveCfg = Release|Any CPU
		{560B1048-3022-4A4B-AAB2-310B4576A3B3}.Release|x86.Build.0 = Release|Any CPU
		{CF78511E-3D9D-434C-A366-2D83E24D4100}.Debug|Any CPU.ActiveCfg = Debug|Any CPU
		{CF78511E-3D9D-434C-A366-2D83E24D4100}.Debug|Any CPU.Build.0 = Debug|Any CPU
		{CF78511E-3D9D-434C-A366-2D83E24D4100}.Debug|x64.ActiveCfg = Debug|Any CPU
		{CF78511E-3D9D-434C-A366-2D83E24D4100}.Debug|x64.Build.0 = Debug|Any CPU
		{CF78511E-3D9D-434C-A366-2D83E24D4100}.Debug|x86.ActiveCfg = Debug|Any CPU
		{CF78511E-3D9D-434C-A366-2D83E24D4100}.Debug|x86.Build.0 = Debug|Any CPU
		{CF78511E-3D9D-434C-A366-2D83E24D4100}.Release|Any CPU.ActiveCfg = Release|Any CPU
		{CF78511E-3D9D-434C-A366-2D83E24D4100}.Release|Any CPU.Build.0 = Release|Any CPU
		{CF78511E-3D9D-434C-A366-2D83E24D4100}.Release|x64.ActiveCfg = Release|Any CPU
		{CF78511E-3D9D-434C-A366-2D83E24D4100}.Release|x64.Build.0 = Release|Any CPU
		{CF78511E-3D9D-434C-A366-2D83E24D4100}.Release|x86.ActiveCfg = Release|Any CPU
		{CF78511E-3D9D-434C-A366-2D83E24D4100}.Release|x86.Build.0 = Release|Any CPU
		{87FEAFFE-F850-4F25-87EC-F1103817B230}.Debug|Any CPU.ActiveCfg = Debug|Any CPU
		{87FEAFFE-F850-4F25-87EC-F1103817B230}.Debug|Any CPU.Build.0 = Debug|Any CPU
		{87FEAFFE-F850-4F25-87EC-F1103817B230}.Debug|x64.ActiveCfg = Debug|Any CPU
		{87FEAFFE-F850-4F25-87EC-F1103817B230}.Debug|x64.Build.0 = Debug|Any CPU
		{87FEAFFE-F850-4F25-87EC-F1103817B230}.Debug|x86.ActiveCfg = Debug|Any CPU
		{87FEAFFE-F850-4F25-87EC-F1103817B230}.Debug|x86.Build.0 = Debug|Any CPU
		{87FEAFFE-F850-4F25-87EC-F1103817B230}.Release|Any CPU.ActiveCfg = Release|Any CPU
		{87FEAFFE-F850-4F25-87EC-F1103817B230}.Release|Any CPU.Build.0 = Release|Any CPU
		{87FEAFFE-F850-4F25-87EC-F1103817B230}.Release|x64.ActiveCfg = Release|Any CPU
		{87FEAFFE-F850-4F25-87EC-F1103817B230}.Release|x64.Build.0 = Release|Any CPU
		{87FEAFFE-F850-4F25-87EC-F1103817B230}.Release|x86.ActiveCfg = Release|Any CPU
		{87FEAFFE-F850-4F25-87EC-F1103817B230}.Release|x86.Build.0 = Release|Any CPU
		{87056181-4404-466B-807A-C93087CE44F9}.Debug|Any CPU.ActiveCfg = Debug|Any CPU
		{87056181-4404-466B-807A-C93087CE44F9}.Debug|Any CPU.Build.0 = Debug|Any CPU
		{87056181-4404-466B-807A-C93087CE44F9}.Debug|x64.ActiveCfg = Debug|Any CPU
		{87056181-4404-466B-807A-C93087CE44F9}.Debug|x64.Build.0 = Debug|Any CPU
		{87056181-4404-466B-807A-C93087CE44F9}.Debug|x86.ActiveCfg = Debug|Any CPU
		{87056181-4404-466B-807A-C93087CE44F9}.Debug|x86.Build.0 = Debug|Any CPU
		{87056181-4404-466B-807A-C93087CE44F9}.Release|Any CPU.ActiveCfg = Release|Any CPU
		{87056181-4404-466B-807A-C93087CE44F9}.Release|Any CPU.Build.0 = Release|Any CPU
		{87056181-4404-466B-807A-C93087CE44F9}.Release|x64.ActiveCfg = Release|Any CPU
		{87056181-4404-466B-807A-C93087CE44F9}.Release|x64.Build.0 = Release|Any CPU
		{87056181-4404-466B-807A-C93087CE44F9}.Release|x86.ActiveCfg = Release|Any CPU
		{87056181-4404-466B-807A-C93087CE44F9}.Release|x86.Build.0 = Release|Any CPU
		{2E16011D-B8F3-45EA-B9F5-0B64FAC11A21}.Debug|Any CPU.ActiveCfg = Debug|Any CPU
		{2E16011D-B8F3-45EA-B9F5-0B64FAC11A21}.Debug|Any CPU.Build.0 = Debug|Any CPU
		{2E16011D-B8F3-45EA-B9F5-0B64FAC11A21}.Debug|x64.ActiveCfg = Debug|Any CPU
		{2E16011D-B8F3-45EA-B9F5-0B64FAC11A21}.Debug|x64.Build.0 = Debug|Any CPU
		{2E16011D-B8F3-45EA-B9F5-0B64FAC11A21}.Debug|x86.ActiveCfg = Debug|Any CPU
		{2E16011D-B8F3-45EA-B9F5-0B64FAC11A21}.Debug|x86.Build.0 = Debug|Any CPU
		{2E16011D-B8F3-45EA-B9F5-0B64FAC11A21}.Release|Any CPU.ActiveCfg = Release|Any CPU
		{2E16011D-B8F3-45EA-B9F5-0B64FAC11A21}.Release|Any CPU.Build.0 = Release|Any CPU
		{2E16011D-B8F3-45EA-B9F5-0B64FAC11A21}.Release|x64.ActiveCfg = Release|Any CPU
		{2E16011D-B8F3-45EA-B9F5-0B64FAC11A21}.Release|x64.Build.0 = Release|Any CPU
		{2E16011D-B8F3-45EA-B9F5-0B64FAC11A21}.Release|x86.ActiveCfg = Release|Any CPU
		{2E16011D-B8F3-45EA-B9F5-0B64FAC11A21}.Release|x86.Build.0 = Release|Any CPU
		{97F659C5-201B-4F6C-BAD4-D3998F73CDFB}.Debug|Any CPU.ActiveCfg = Debug|Any CPU
		{97F659C5-201B-4F6C-BAD4-D3998F73CDFB}.Debug|Any CPU.Build.0 = Debug|Any CPU
		{97F659C5-201B-4F6C-BAD4-D3998F73CDFB}.Debug|x64.ActiveCfg = Debug|Any CPU
		{97F659C5-201B-4F6C-BAD4-D3998F73CDFB}.Debug|x64.Build.0 = Debug|Any CPU
		{97F659C5-201B-4F6C-BAD4-D3998F73CDFB}.Debug|x86.ActiveCfg = Debug|Any CPU
		{97F659C5-201B-4F6C-BAD4-D3998F73CDFB}.Debug|x86.Build.0 = Debug|Any CPU
		{97F659C5-201B-4F6C-BAD4-D3998F73CDFB}.Release|Any CPU.ActiveCfg = Release|Any CPU
		{97F659C5-201B-4F6C-BAD4-D3998F73CDFB}.Release|Any CPU.Build.0 = Release|Any CPU
		{97F659C5-201B-4F6C-BAD4-D3998F73CDFB}.Release|x64.ActiveCfg = Release|Any CPU
		{97F659C5-201B-4F6C-BAD4-D3998F73CDFB}.Release|x64.Build.0 = Release|Any CPU
		{97F659C5-201B-4F6C-BAD4-D3998F73CDFB}.Release|x86.ActiveCfg = Release|Any CPU
		{97F659C5-201B-4F6C-BAD4-D3998F73CDFB}.Release|x86.Build.0 = Release|Any CPU
		{500748DF-93C9-4FC5-B815-BCFC08771BC4}.Debug|Any CPU.ActiveCfg = Debug|Any CPU
		{500748DF-93C9-4FC5-B815-BCFC08771BC4}.Debug|Any CPU.Build.0 = Debug|Any CPU
		{500748DF-93C9-4FC5-B815-BCFC08771BC4}.Debug|x64.ActiveCfg = Debug|Any CPU
		{500748DF-93C9-4FC5-B815-BCFC08771BC4}.Debug|x64.Build.0 = Debug|Any CPU
		{500748DF-93C9-4FC5-B815-BCFC08771BC4}.Debug|x86.ActiveCfg = Debug|Any CPU
		{500748DF-93C9-4FC5-B815-BCFC08771BC4}.Debug|x86.Build.0 = Debug|Any CPU
		{500748DF-93C9-4FC5-B815-BCFC08771BC4}.Release|Any CPU.ActiveCfg = Release|Any CPU
		{500748DF-93C9-4FC5-B815-BCFC08771BC4}.Release|Any CPU.Build.0 = Release|Any CPU
		{500748DF-93C9-4FC5-B815-BCFC08771BC4}.Release|x64.ActiveCfg = Release|Any CPU
		{500748DF-93C9-4FC5-B815-BCFC08771BC4}.Release|x64.Build.0 = Release|Any CPU
		{500748DF-93C9-4FC5-B815-BCFC08771BC4}.Release|x86.ActiveCfg = Release|Any CPU
		{500748DF-93C9-4FC5-B815-BCFC08771BC4}.Release|x86.Build.0 = Release|Any CPU
		{D949A5F0-36D7-40BA-BD76-768D06A33D5C}.Debug|Any CPU.ActiveCfg = Debug|Any CPU
		{D949A5F0-36D7-40BA-BD76-768D06A33D5C}.Debug|Any CPU.Build.0 = Debug|Any CPU
		{D949A5F0-36D7-40BA-BD76-768D06A33D5C}.Debug|x64.ActiveCfg = Debug|Any CPU
		{D949A5F0-36D7-40BA-BD76-768D06A33D5C}.Debug|x64.Build.0 = Debug|Any CPU
		{D949A5F0-36D7-40BA-BD76-768D06A33D5C}.Debug|x86.ActiveCfg = Debug|Any CPU
		{D949A5F0-36D7-40BA-BD76-768D06A33D5C}.Debug|x86.Build.0 = Debug|Any CPU
		{D949A5F0-36D7-40BA-BD76-768D06A33D5C}.Release|Any CPU.ActiveCfg = Release|Any CPU
		{D949A5F0-36D7-40BA-BD76-768D06A33D5C}.Release|Any CPU.Build.0 = Release|Any CPU
		{D949A5F0-36D7-40BA-BD76-768D06A33D5C}.Release|x64.ActiveCfg = Release|Any CPU
		{D949A5F0-36D7-40BA-BD76-768D06A33D5C}.Release|x64.Build.0 = Release|Any CPU
		{D949A5F0-36D7-40BA-BD76-768D06A33D5C}.Release|x86.ActiveCfg = Release|Any CPU
		{D949A5F0-36D7-40BA-BD76-768D06A33D5C}.Release|x86.Build.0 = Release|Any CPU
		{47186EC1-EA18-4A1B-93DB-EAC9029ACC0C}.Debug|Any CPU.ActiveCfg = Debug|Any CPU
		{47186EC1-EA18-4A1B-93DB-EAC9029ACC0C}.Debug|Any CPU.Build.0 = Debug|Any CPU
		{47186EC1-EA18-4A1B-93DB-EAC9029ACC0C}.Debug|x64.ActiveCfg = Debug|Any CPU
		{47186EC1-EA18-4A1B-93DB-EAC9029ACC0C}.Debug|x64.Build.0 = Debug|Any CPU
		{47186EC1-EA18-4A1B-93DB-EAC9029ACC0C}.Debug|x86.ActiveCfg = Debug|Any CPU
		{47186EC1-EA18-4A1B-93DB-EAC9029ACC0C}.Debug|x86.Build.0 = Debug|Any CPU
		{47186EC1-EA18-4A1B-93DB-EAC9029ACC0C}.Release|Any CPU.ActiveCfg = Release|Any CPU
		{47186EC1-EA18-4A1B-93DB-EAC9029ACC0C}.Release|Any CPU.Build.0 = Release|Any CPU
		{47186EC1-EA18-4A1B-93DB-EAC9029ACC0C}.Release|x64.ActiveCfg = Release|Any CPU
		{47186EC1-EA18-4A1B-93DB-EAC9029ACC0C}.Release|x64.Build.0 = Release|Any CPU
		{47186EC1-EA18-4A1B-93DB-EAC9029ACC0C}.Release|x86.ActiveCfg = Release|Any CPU
		{47186EC1-EA18-4A1B-93DB-EAC9029ACC0C}.Release|x86.Build.0 = Release|Any CPU
		{9DA82449-19C3-4CAC-835A-00F1F08C3E36}.Debug|Any CPU.ActiveCfg = Debug|Any CPU
		{9DA82449-19C3-4CAC-835A-00F1F08C3E36}.Debug|Any CPU.Build.0 = Debug|Any CPU
		{9DA82449-19C3-4CAC-835A-00F1F08C3E36}.Debug|x64.ActiveCfg = Debug|Any CPU
		{9DA82449-19C3-4CAC-835A-00F1F08C3E36}.Debug|x64.Build.0 = Debug|Any CPU
		{9DA82449-19C3-4CAC-835A-00F1F08C3E36}.Debug|x86.ActiveCfg = Debug|Any CPU
		{9DA82449-19C3-4CAC-835A-00F1F08C3E36}.Debug|x86.Build.0 = Debug|Any CPU
		{9DA82449-19C3-4CAC-835A-00F1F08C3E36}.Release|Any CPU.ActiveCfg = Release|Any CPU
		{9DA82449-19C3-4CAC-835A-00F1F08C3E36}.Release|Any CPU.Build.0 = Release|Any CPU
		{9DA82449-19C3-4CAC-835A-00F1F08C3E36}.Release|x64.ActiveCfg = Release|Any CPU
		{9DA82449-19C3-4CAC-835A-00F1F08C3E36}.Release|x64.Build.0 = Release|Any CPU
		{9DA82449-19C3-4CAC-835A-00F1F08C3E36}.Release|x86.ActiveCfg = Release|Any CPU
		{9DA82449-19C3-4CAC-835A-00F1F08C3E36}.Release|x86.Build.0 = Release|Any CPU
		{CD3AB558-2E72-4976-ABD2-81C81791B535}.Debug|Any CPU.ActiveCfg = Debug|Any CPU
		{CD3AB558-2E72-4976-ABD2-81C81791B535}.Debug|Any CPU.Build.0 = Debug|Any CPU
		{CD3AB558-2E72-4976-ABD2-81C81791B535}.Debug|x64.ActiveCfg = Debug|Any CPU
		{CD3AB558-2E72-4976-ABD2-81C81791B535}.Debug|x64.Build.0 = Debug|Any CPU
		{CD3AB558-2E72-4976-ABD2-81C81791B535}.Debug|x86.ActiveCfg = Debug|Any CPU
		{CD3AB558-2E72-4976-ABD2-81C81791B535}.Debug|x86.Build.0 = Debug|Any CPU
		{CD3AB558-2E72-4976-ABD2-81C81791B535}.Release|Any CPU.ActiveCfg = Release|Any CPU
		{CD3AB558-2E72-4976-ABD2-81C81791B535}.Release|Any CPU.Build.0 = Release|Any CPU
		{CD3AB558-2E72-4976-ABD2-81C81791B535}.Release|x64.ActiveCfg = Release|Any CPU
		{CD3AB558-2E72-4976-ABD2-81C81791B535}.Release|x64.Build.0 = Release|Any CPU
		{CD3AB558-2E72-4976-ABD2-81C81791B535}.Release|x86.ActiveCfg = Release|Any CPU
		{CD3AB558-2E72-4976-ABD2-81C81791B535}.Release|x86.Build.0 = Release|Any CPU
	EndGlobalSection
	GlobalSection(SolutionProperties) = preSolution
		HideSolutionNode = FALSE
	EndGlobalSection
	GlobalSection(NestedProjects) = preSolution
		{FF75EEF9-2CB9-4E6F-A5A8-38F2199B4B56} = {4040EEC4-6FB7-47B1-B487-23E043A0F52F}
		{4DFB226C-2D1A-4346-B984-468A523209AF} = {4040EEC4-6FB7-47B1-B487-23E043A0F52F}
		{421EAADD-8A1E-4B12-BB9C-EB1162401FB0} = {59F58C72-676D-49C5-9377-58043D9A1013}
		{86186EDA-BBDA-4371-9597-D67C8EED0A65} = {59F58C72-676D-49C5-9377-58043D9A1013}
		{434F5B4F-AADA-4141-9F03-16082EFB735E} = {59F58C72-676D-49C5-9377-58043D9A1013}
		{97F1F9A4-D2FC-4B83-BCBD-16F00A083BE3} = {59F58C72-676D-49C5-9377-58043D9A1013}
		{7516CFDF-E105-46CD-8627-7ED1768B5DF5} = {59F58C72-676D-49C5-9377-58043D9A1013}
		{0B3304A9-8F33-4F77-878E-BED410768713} = {59F58C72-676D-49C5-9377-58043D9A1013}
		{2E66B0DE-DCA8-472D-BB14-C24DED050CC8} = {59F58C72-676D-49C5-9377-58043D9A1013}
		{4D1106EC-D13C-4BA6-8287-914B4D996DD4} = {DDA4741E-097F-40C3-A252-2E1E3476C1A7}
		{89B5EB21-CA54-4DAE-8896-1C8208EABD97} = {DDA4741E-097F-40C3-A252-2E1E3476C1A7}
		{18D6577A-B82D-4254-9E9D-54CE71A60AD3} = {DDA4741E-097F-40C3-A252-2E1E3476C1A7}
		{560B1048-3022-4A4B-AAB2-310B4576A3B3} = {DDA4741E-097F-40C3-A252-2E1E3476C1A7}
		{CF78511E-3D9D-434C-A366-2D83E24D4100} = {DDA4741E-097F-40C3-A252-2E1E3476C1A7}
		{87FEAFFE-F850-4F25-87EC-F1103817B230} = {DDA4741E-097F-40C3-A252-2E1E3476C1A7}
		{87056181-4404-466B-807A-C93087CE44F9} = {DDA4741E-097F-40C3-A252-2E1E3476C1A7}
		{2E16011D-B8F3-45EA-B9F5-0B64FAC11A21} = {DDA4741E-097F-40C3-A252-2E1E3476C1A7}
		{97F659C5-201B-4F6C-BAD4-D3998F73CDFB} = {DDA4741E-097F-40C3-A252-2E1E3476C1A7}
		{500748DF-93C9-4FC5-B815-BCFC08771BC4} = {DDA4741E-097F-40C3-A252-2E1E3476C1A7}
		{D949A5F0-36D7-40BA-BD76-768D06A33D5C} = {DDA4741E-097F-40C3-A252-2E1E3476C1A7}
		{47186EC1-EA18-4A1B-93DB-EAC9029ACC0C} = {DDA4741E-097F-40C3-A252-2E1E3476C1A7}
		{9DA82449-19C3-4CAC-835A-00F1F08C3E36} = {59F58C72-676D-49C5-9377-58043D9A1013}
		{CD3AB558-2E72-4976-ABD2-81C81791B535} = {4040EEC4-6FB7-47B1-B487-23E043A0F52F}
	EndGlobalSection
	GlobalSection(ExtensibilityGlobals) = postSolution
		SolutionGuid = {94EDE6B7-87F0-48B6-83A0-82C5AB44A40B}
	EndGlobalSection
EndGlobal
