
Microsoft Visual Studio Solution File, Format Version 10.00
# Visual Studio 2008
Project("{FAE04EC0-301F-11D3-BF4B-00C04F79EFBC}") = "EchoService", "EchoService.csproj", "{6967B4E6-474F-4D79-BD4D-BD701A8A6085}"
EndProject
Project("{FAE04EC0-301F-11D3-BF4B-00C04F79EFBC}") = "SocketServiceCore", "..\..\SocketServiceCore\SocketServiceCore.csproj", "{153FEF72-191C-43D9-BE71-2B351C7AC760}"
EndProject
Global
	GlobalSection(SolutionConfigurationPlatforms) = preSolution
		Debug|Any CPU = Debug|Any CPU
		Release|Any CPU = Release|Any CPU
	EndGlobalSection
	GlobalSection(ProjectConfigurationPlatforms) = postSolution
		{6967B4E6-474F-4D79-BD4D-BD701A8A6085}.Debug|Any CPU.ActiveCfg = Debug|Any CPU
		{6967B4E6-474F-4D79-BD4D-BD701A8A6085}.Debug|Any CPU.Build.0 = Debug|Any CPU
		{6967B4E6-474F-4D79-BD4D-BD701A8A6085}.Release|Any CPU.ActiveCfg = Release|Any CPU
		{6967B4E6-474F-4D79-BD4D-BD701A8A6085}.Release|Any CPU.Build.0 = Release|Any CPU
		{153FEF72-191C-43D9-BE71-2B351C7AC760}.Debug|Any CPU.ActiveCfg = Debug|Any CPU
		{153FEF72-191C-43D9-BE71-2B351C7AC760}.Debug|Any CPU.Build.0 = Debug|Any CPU
		{153FEF72-191C-43D9-BE71-2B351C7AC760}.Release|Any CPU.ActiveCfg = Release|Any CPU
		{153FEF72-191C-43D9-BE71-2B351C7AC760}.Release|Any CPU.Build.0 = Release|Any CPU
	EndGlobalSection
	GlobalSection(SolutionProperties) = preSolution
		HideSolutionNode = FALSE
	EndGlobalSection
EndGlobal
