
Microsoft Visual Studio Solution File, Format Version 11.00
# Visual Studio 2010
Project("{2150E333-8FDC-42A3-9474-1A3956D46DE8}") = "Solution Items", "Solution Items", "{8B74A051-A4C3-42E7-AC66-45437554C089}"
	ProjectSection(SolutionItems) = preProject
		GlobalAssemblyInfo.cs = GlobalAssemblyInfo.cs
	EndProjectSection
EndProject
Project("{FAE04EC0-301F-11D3-BF4B-00C04F79EFBC}") = "Shared.Net35", "Shared\Shared.Net35.csproj", "{6E1D1F75-B8D9-4935-A9B5-9DC8D89E41D9}"
EndProject
Project("{FAE04EC0-301F-11D3-BF4B-00C04F79EFBC}") = "Server.Net35", "Server\Server.Net35.csproj", "{1B10D247-BF48-4ECC-88A5-8D84C91B2246}"
EndProject
Project("{FAE04EC0-301F-11D3-BF4B-00C04F79EFBC}") = "SampleServer.Net35", "SampleServer\SampleServer.Net35.csproj", "{39BDCA4A-1B6E-474F-BC50-83103320FA19}"
EndProject
Global
	GlobalSection(SolutionConfigurationPlatforms) = preSolution
		Debug|Any CPU = Debug|Any CPU
		Release|Any CPU = Release|Any CPU
	EndGlobalSection
	GlobalSection(ProjectConfigurationPlatforms) = postSolution
		{6E1D1F75-B8D9-4935-A9B5-9DC8D89E41D9}.Debug|Any CPU.ActiveCfg = Debug|Any CPU
		{6E1D1F75-B8D9-4935-A9B5-9DC8D89E41D9}.Debug|Any CPU.Build.0 = Debug|Any CPU
		{6E1D1F75-B8D9-4935-A9B5-9DC8D89E41D9}.Release|Any CPU.ActiveCfg = Release|Any CPU
		{6E1D1F75-B8D9-4935-A9B5-9DC8D89E41D9}.Release|Any CPU.Build.0 = Release|Any CPU
		{1B10D247-BF48-4ECC-88A5-8D84C91B2246}.Debug|Any CPU.ActiveCfg = Debug|Any CPU
		{1B10D247-BF48-4ECC-88A5-8D84C91B2246}.Debug|Any CPU.Build.0 = Debug|Any CPU
		{1B10D247-BF48-4ECC-88A5-8D84C91B2246}.Release|Any CPU.ActiveCfg = Release|Any CPU
		{1B10D247-BF48-4ECC-88A5-8D84C91B2246}.Release|Any CPU.Build.0 = Release|Any CPU
		{39BDCA4A-1B6E-474F-BC50-83103320FA19}.Debug|Any CPU.ActiveCfg = Debug|Any CPU
		{39BDCA4A-1B6E-474F-BC50-83103320FA19}.Debug|Any CPU.Build.0 = Debug|Any CPU
		{39BDCA4A-1B6E-474F-BC50-83103320FA19}.Release|Any CPU.ActiveCfg = Release|Any CPU
		{39BDCA4A-1B6E-474F-BC50-83103320FA19}.Release|Any CPU.Build.0 = Release|Any CPU
	EndGlobalSection
	GlobalSection(SolutionProperties) = preSolution
		HideSolutionNode = FALSE
	EndGlobalSection
EndGlobal
