
Microsoft Visual Studio Solution File, Format Version 11.00
# Visual Studio 2010
Project("{CC5FD16D-436D-48AD-A40C-5A424C6E3E79}") = "AzureHost", "AzureHost\AzureHost.ccproj", "{AC0312EC-AE2C-44BB-BC1D-5D5AC210144B}"
EndProject
Project("{FAE04EC0-301F-11D3-BF4B-00C04F79EFBC}") = "SuperSocketRole", "SuperSocketRole\SuperSocketRole.csproj", "{552769F6-51E8-48C2-8BA7-857F7879EEC9}"
EndProject
Project("{2150E333-8FDC-42A3-9474-1A3956D46DE8}") = "SuperSocket", "SuperSocket", "{A59169C3-C141-42A9-B2FC-71908841E033}"
EndProject
Project("{2150E333-8FDC-42A3-9474-1A3956D46DE8}") = "QuickStart", "QuickStart", "{17469CB9-FBD3-490C-B502-D7F9C5B5C632}"
EndProject
Project("{FAE04EC0-301F-11D3-BF4B-00C04F79EFBC}") = "RemoteProcessService", "..\RemoteProcessService\RemoteProcessService.csproj", "{CA67AA73-42D0-4A08-85C4-61FB569231A8}"
EndProject
Project("{FAE04EC0-301F-11D3-BF4B-00C04F79EFBC}") = "SuperSocket.SocketBase.Net40", "..\..\SocketBase\SuperSocket.SocketBase.Net40.csproj", "{40B77789-EA11-4C05-8F52-86711D7BCAAF}"
EndProject
Project("{FAE04EC0-301F-11D3-BF4B-00C04F79EFBC}") = "SuperSocket.Common.Net40", "..\..\Common\SuperSocket.Common.Net40.csproj", "{A24F4D38-BA9C-4FD6-95B7-4980DE36131A}"
EndProject
Project("{FAE04EC0-301F-11D3-BF4B-00C04F79EFBC}") = "SuperSocket.SocketEngine.Net40", "..\..\SocketEngine\SuperSocket.SocketEngine.Net40.csproj", "{153FEF72-191C-43D9-BE71-2B351C7AC760}"
EndProject
Global
	GlobalSection(SolutionConfigurationPlatforms) = preSolution
		Debug|Any CPU = Debug|Any CPU
		Release|Any CPU = Release|Any CPU
	EndGlobalSection
	GlobalSection(ProjectConfigurationPlatforms) = postSolution
		{AC0312EC-AE2C-44BB-BC1D-5D5AC210144B}.Debug|Any CPU.ActiveCfg = Debug|Any CPU
		{AC0312EC-AE2C-44BB-BC1D-5D5AC210144B}.Debug|Any CPU.Build.0 = Debug|Any CPU
		{AC0312EC-AE2C-44BB-BC1D-5D5AC210144B}.Release|Any CPU.ActiveCfg = Release|Any CPU
		{AC0312EC-AE2C-44BB-BC1D-5D5AC210144B}.Release|Any CPU.Build.0 = Release|Any CPU
		{552769F6-51E8-48C2-8BA7-857F7879EEC9}.Debug|Any CPU.ActiveCfg = Debug|Any CPU
		{552769F6-51E8-48C2-8BA7-857F7879EEC9}.Debug|Any CPU.Build.0 = Debug|Any CPU
		{552769F6-51E8-48C2-8BA7-857F7879EEC9}.Release|Any CPU.ActiveCfg = Release|Any CPU
		{552769F6-51E8-48C2-8BA7-857F7879EEC9}.Release|Any CPU.Build.0 = Release|Any CPU
		{CA67AA73-42D0-4A08-85C4-61FB569231A8}.Debug|Any CPU.ActiveCfg = Debug|Any CPU
		{CA67AA73-42D0-4A08-85C4-61FB569231A8}.Debug|Any CPU.Build.0 = Debug|Any CPU
		{CA67AA73-42D0-4A08-85C4-61FB569231A8}.Release|Any CPU.ActiveCfg = Release|Any CPU
		{CA67AA73-42D0-4A08-85C4-61FB569231A8}.Release|Any CPU.Build.0 = Release|Any CPU
		{40B77789-EA11-4C05-8F52-86711D7BCAAF}.Debug|Any CPU.ActiveCfg = Debug|Any CPU
		{40B77789-EA11-4C05-8F52-86711D7BCAAF}.Debug|Any CPU.Build.0 = Debug|Any CPU
		{40B77789-EA11-4C05-8F52-86711D7BCAAF}.Release|Any CPU.ActiveCfg = Release|Any CPU
		{40B77789-EA11-4C05-8F52-86711D7BCAAF}.Release|Any CPU.Build.0 = Release|Any CPU
		{A24F4D38-BA9C-4FD6-95B7-4980DE36131A}.Debug|Any CPU.ActiveCfg = Debug|Any CPU
		{A24F4D38-BA9C-4FD6-95B7-4980DE36131A}.Debug|Any CPU.Build.0 = Debug|Any CPU
		{A24F4D38-BA9C-4FD6-95B7-4980DE36131A}.Release|Any CPU.ActiveCfg = Release|Any CPU
		{A24F4D38-BA9C-4FD6-95B7-4980DE36131A}.Release|Any CPU.Build.0 = Release|Any CPU
		{153FEF72-191C-43D9-BE71-2B351C7AC760}.Debug|Any CPU.ActiveCfg = Debug|Any CPU
		{153FEF72-191C-43D9-BE71-2B351C7AC760}.Debug|Any CPU.Build.0 = Debug|Any CPU
		{153FEF72-191C-43D9-BE71-2B351C7AC760}.Release|Any CPU.ActiveCfg = Release|Any CPU
		{153FEF72-191C-43D9-BE71-2B351C7AC760}.Release|Any CPU.Build.0 = Release|Any CPU
	EndGlobalSection
	GlobalSection(SolutionProperties) = preSolution
		HideSolutionNode = FALSE
	EndGlobalSection
	GlobalSection(NestedProjects) = preSolution
		{40B77789-EA11-4C05-8F52-86711D7BCAAF} = {A59169C3-C141-42A9-B2FC-71908841E033}
		{A24F4D38-BA9C-4FD6-95B7-4980DE36131A} = {A59169C3-C141-42A9-B2FC-71908841E033}
		{153FEF72-191C-43D9-BE71-2B351C7AC760} = {A59169C3-C141-42A9-B2FC-71908841E033}
		{CA67AA73-42D0-4A08-85C4-61FB569231A8} = {17469CB9-FBD3-490C-B502-D7F9C5B5C632}
	EndGlobalSection
EndGlobal
