
Microsoft Visual Studio Solution File, Format Version 12.00
# Visual Studio 15
VisualStudioVersion = 15.0.26124.0
MinimumVisualStudioVersion = 15.0.26124.0
Project("{FAE04EC0-301F-11D3-BF4B-00C04F79EFBC}") = "EchoServer", "EchoServer\EchoServer.csproj", "{B63528FF-96DA-4529-A598-F648C3FB63CB}"
EndProject
Project("{FAE04EC0-301F-11D3-BF4B-00C04F79EFBC}") = "CommandServer", "CommandServer\CommandServer.csproj", "{3F0804FF-9D34-4086-AD85-366E16F248EA}"
EndProject
Project("{FAE04EC0-301F-11D3-BF4B-00C04F79EFBC}") = "ConfigSample", "ConfigSample\ConfigSample.csproj", "{017F73A5-0E71-479D-B823-9BC2678C4132}"
EndProject
Project("{FAE04EC0-301F-11D3-BF4B-00C04F79EFBC}") = "WebSocketServer", "WebSocketServer\WebSocketServer.csproj", "{BAFDCEFA-A63C-4F55-8588-0C56FEAD16FE}"
EndProject
Project("{FAE04EC0-301F-11D3-BF4B-00C04F79EFBC}") = "BasicClient", "BasicClient\BasicClient.csproj", "{9B8FAF3E-E424-44EC-B74B-8D42D5FBD64E}"
EndProject
Project("{FAE04EC0-301F-11D3-BF4B-00C04F79EFBC}") = "WebSocketPushServer", "WebSocketPushServer\WebSocketPushServer.csproj", "{52FFF004-FDA6-4005-99ED-957CC0554F3E}"
EndProject
Project("{FAE04EC0-301F-11D3-BF4B-00C04F79EFBC}") = "AspNetSample", "AspNetSample\AspNetSample.csproj", "{DBE37248-5550-4EC0-AD5C-F157EA2BD0C7}"
EndProject
Project("{FAE04EC0-301F-11D3-BF4B-00C04F79EFBC}") = "SwitchPipelineFilter", "SwitchPipelineFilter\SwitchPipelineFilter.csproj", "{75119459-B4BA-4C7A-82AA-8B23306C6F49}"
EndProject
Project("{FAE04EC0-301F-11D3-BF4B-00C04F79EFBC}") = "LiveChat", "LiveChat\LiveChat.csproj", "{369187DE-BDBF-4CFA-A722-70E96CBB64EE}"
EndProject
Project("{FAE04EC0-301F-11D3-BF4B-00C04F79EFBC}") = "CustomProtocol", "CustomProtocol\CustomProtocol.csproj", "{9EF45BFC-7479-4658-BA67-06D6C5DF85F4}"
EndProject
Global
	GlobalSection(SolutionConfigurationPlatforms) = preSolution
		Debug|Any CPU = Debug|Any CPU
		Debug|x64 = Debug|x64
		Debug|x86 = Debug|x86
		Release|Any CPU = Release|Any CPU
		Release|x64 = Release|x64
		Release|x86 = Release|x86
	EndGlobalSection
	GlobalSection(SolutionProperties) = preSolution
		HideSolutionNode = FALSE
	EndGlobalSection
	GlobalSection(ProjectConfigurationPlatforms) = postSolution
		{B63528FF-96DA-4529-A598-F648C3FB63CB}.Debug|Any CPU.ActiveCfg = Debug|Any CPU
		{B63528FF-96DA-4529-A598-F648C3FB63CB}.Debug|Any CPU.Build.0 = Debug|Any CPU
		{B63528FF-96DA-4529-A598-F648C3FB63CB}.Debug|x64.ActiveCfg = Debug|Any CPU
		{B63528FF-96DA-4529-A598-F648C3FB63CB}.Debug|x64.Build.0 = Debug|Any CPU
		{B63528FF-96DA-4529-A598-F648C3FB63CB}.Debug|x86.ActiveCfg = Debug|Any CPU
		{B63528FF-96DA-4529-A598-F648C3FB63CB}.Debug|x86.Build.0 = Debug|Any CPU
		{B63528FF-96DA-4529-A598-F648C3FB63CB}.Release|Any CPU.ActiveCfg = Release|Any CPU
		{B63528FF-96DA-4529-A598-F648C3FB63CB}.Release|Any CPU.Build.0 = Release|Any CPU
		{B63528FF-96DA-4529-A598-F648C3FB63CB}.Release|x64.ActiveCfg = Release|Any CPU
		{B63528FF-96DA-4529-A598-F648C3FB63CB}.Release|x64.Build.0 = Release|Any CPU
		{B63528FF-96DA-4529-A598-F648C3FB63CB}.Release|x86.ActiveCfg = Release|Any CPU
		{B63528FF-96DA-4529-A598-F648C3FB63CB}.Release|x86.Build.0 = Release|Any CPU
		{3F0804FF-9D34-4086-AD85-366E16F248EA}.Debug|Any CPU.ActiveCfg = Debug|Any CPU
		{3F0804FF-9D34-4086-AD85-366E16F248EA}.Debug|Any CPU.Build.0 = Debug|Any CPU
		{3F0804FF-9D34-4086-AD85-366E16F248EA}.Debug|x64.ActiveCfg = Debug|Any CPU
		{3F0804FF-9D34-4086-AD85-366E16F248EA}.Debug|x64.Build.0 = Debug|Any CPU
		{3F0804FF-9D34-4086-AD85-366E16F248EA}.Debug|x86.ActiveCfg = Debug|Any CPU
		{3F0804FF-9D34-4086-AD85-366E16F248EA}.Debug|x86.Build.0 = Debug|Any CPU
		{3F0804FF-9D34-4086-AD85-366E16F248EA}.Release|Any CPU.ActiveCfg = Release|Any CPU
		{3F0804FF-9D34-4086-AD85-366E16F248EA}.Release|Any CPU.Build.0 = Release|Any CPU
		{3F0804FF-9D34-4086-AD85-366E16F248EA}.Release|x64.ActiveCfg = Release|Any CPU
		{3F0804FF-9D34-4086-AD85-366E16F248EA}.Release|x64.Build.0 = Release|Any CPU
		{3F0804FF-9D34-4086-AD85-366E16F248EA}.Release|x86.ActiveCfg = Release|Any CPU
		{3F0804FF-9D34-4086-AD85-366E16F248EA}.Release|x86.Build.0 = Release|Any CPU
		{017F73A5-0E71-479D-B823-9BC2678C4132}.Debug|Any CPU.ActiveCfg = Debug|Any CPU
		{017F73A5-0E71-479D-B823-9BC2678C4132}.Debug|Any CPU.Build.0 = Debug|Any CPU
		{017F73A5-0E71-479D-B823-9BC2678C4132}.Debug|x64.ActiveCfg = Debug|Any CPU
		{017F73A5-0E71-479D-B823-9BC2678C4132}.Debug|x64.Build.0 = Debug|Any CPU
		{017F73A5-0E71-479D-B823-9BC2678C4132}.Debug|x86.ActiveCfg = Debug|Any CPU
		{017F73A5-0E71-479D-B823-9BC2678C4132}.Debug|x86.Build.0 = Debug|Any CPU
		{017F73A5-0E71-479D-B823-9BC2678C4132}.Release|Any CPU.ActiveCfg = Release|Any CPU
		{017F73A5-0E71-479D-B823-9BC2678C4132}.Release|Any CPU.Build.0 = Release|Any CPU
		{017F73A5-0E71-479D-B823-9BC2678C4132}.Release|x64.ActiveCfg = Release|Any CPU
		{017F73A5-0E71-479D-B823-9BC2678C4132}.Release|x64.Build.0 = Release|Any CPU
		{017F73A5-0E71-479D-B823-9BC2678C4132}.Release|x86.ActiveCfg = Release|Any CPU
		{017F73A5-0E71-479D-B823-9BC2678C4132}.Release|x86.Build.0 = Release|Any CPU
		{BAFDCEFA-A63C-4F55-8588-0C56FEAD16FE}.Debug|Any CPU.ActiveCfg = Debug|Any CPU
		{BAFDCEFA-A63C-4F55-8588-0C56FEAD16FE}.Debug|Any CPU.Build.0 = Debug|Any CPU
		{BAFDCEFA-A63C-4F55-8588-0C56FEAD16FE}.Debug|x64.ActiveCfg = Debug|Any CPU
		{BAFDCEFA-A63C-4F55-8588-0C56FEAD16FE}.Debug|x64.Build.0 = Debug|Any CPU
		{BAFDCEFA-A63C-4F55-8588-0C56FEAD16FE}.Debug|x86.ActiveCfg = Debug|Any CPU
		{BAFDCEFA-A63C-4F55-8588-0C56FEAD16FE}.Debug|x86.Build.0 = Debug|Any CPU
		{BAFDCEFA-A63C-4F55-8588-0C56FEAD16FE}.Release|Any CPU.ActiveCfg = Release|Any CPU
		{BAFDCEFA-A63C-4F55-8588-0C56FEAD16FE}.Release|Any CPU.Build.0 = Release|Any CPU
		{BAFDCEFA-A63C-4F55-8588-0C56FEAD16FE}.Release|x64.ActiveCfg = Release|Any CPU
		{BAFDCEFA-A63C-4F55-8588-0C56FEAD16FE}.Release|x64.Build.0 = Release|Any CPU
		{BAFDCEFA-A63C-4F55-8588-0C56FEAD16FE}.Release|x86.ActiveCfg = Release|Any CPU
		{BAFDCEFA-A63C-4F55-8588-0C56FEAD16FE}.Release|x86.Build.0 = Release|Any CPU
		{9B8FAF3E-E424-44EC-B74B-8D42D5FBD64E}.Debug|Any CPU.ActiveCfg = Debug|Any CPU
		{9B8FAF3E-E424-44EC-B74B-8D42D5FBD64E}.Debug|Any CPU.Build.0 = Debug|Any CPU
		{9B8FAF3E-E424-44EC-B74B-8D42D5FBD64E}.Debug|x64.ActiveCfg = Debug|Any CPU
		{9B8FAF3E-E424-44EC-B74B-8D42D5FBD64E}.Debug|x64.Build.0 = Debug|Any CPU
		{9B8FAF3E-E424-44EC-B74B-8D42D5FBD64E}.Debug|x86.ActiveCfg = Debug|Any CPU
		{9B8FAF3E-E424-44EC-B74B-8D42D5FBD64E}.Debug|x86.Build.0 = Debug|Any CPU
		{9B8FAF3E-E424-44EC-B74B-8D42D5FBD64E}.Release|Any CPU.ActiveCfg = Release|Any CPU
		{9B8FAF3E-E424-44EC-B74B-8D42D5FBD64E}.Release|Any CPU.Build.0 = Release|Any CPU
		{9B8FAF3E-E424-44EC-B74B-8D42D5FBD64E}.Release|x64.ActiveCfg = Release|Any CPU
		{9B8FAF3E-E424-44EC-B74B-8D42D5FBD64E}.Release|x64.Build.0 = Release|Any CPU
		{9B8FAF3E-E424-44EC-B74B-8D42D5FBD64E}.Release|x86.ActiveCfg = Release|Any CPU
		{9B8FAF3E-E424-44EC-B74B-8D42D5FBD64E}.Release|x86.Build.0 = Release|Any CPU
		{52FFF004-FDA6-4005-99ED-957CC0554F3E}.Debug|Any CPU.ActiveCfg = Debug|Any CPU
		{52FFF004-FDA6-4005-99ED-957CC0554F3E}.Debug|Any CPU.Build.0 = Debug|Any CPU
		{52FFF004-FDA6-4005-99ED-957CC0554F3E}.Debug|x64.ActiveCfg = Debug|Any CPU
		{52FFF004-FDA6-4005-99ED-957CC0554F3E}.Debug|x64.Build.0 = Debug|Any CPU
		{52FFF004-FDA6-4005-99ED-957CC0554F3E}.Debug|x86.ActiveCfg = Debug|Any CPU
		{52FFF004-FDA6-4005-99ED-957CC0554F3E}.Debug|x86.Build.0 = Debug|Any CPU
		{52FFF004-FDA6-4005-99ED-957CC0554F3E}.Release|Any CPU.ActiveCfg = Release|Any CPU
		{52FFF004-FDA6-4005-99ED-957CC0554F3E}.Release|Any CPU.Build.0 = Release|Any CPU
		{52FFF004-FDA6-4005-99ED-957CC0554F3E}.Release|x64.ActiveCfg = Release|Any CPU
		{52FFF004-FDA6-4005-99ED-957CC0554F3E}.Release|x64.Build.0 = Release|Any CPU
		{52FFF004-FDA6-4005-99ED-957CC0554F3E}.Release|x86.ActiveCfg = Release|Any CPU
		{52FFF004-FDA6-4005-99ED-957CC0554F3E}.Release|x86.Build.0 = Release|Any CPU
		{DBE37248-5550-4EC0-AD5C-F157EA2BD0C7}.Debug|Any CPU.ActiveCfg = Debug|Any CPU
		{DBE37248-5550-4EC0-AD5C-F157EA2BD0C7}.Debug|Any CPU.Build.0 = Debug|Any CPU
		{DBE37248-5550-4EC0-AD5C-F157EA2BD0C7}.Debug|x64.ActiveCfg = Debug|Any CPU
		{DBE37248-5550-4EC0-AD5C-F157EA2BD0C7}.Debug|x64.Build.0 = Debug|Any CPU
		{DBE37248-5550-4EC0-AD5C-F157EA2BD0C7}.Debug|x86.ActiveCfg = Debug|Any CPU
		{DBE37248-5550-4EC0-AD5C-F157EA2BD0C7}.Debug|x86.Build.0 = Debug|Any CPU
		{DBE37248-5550-4EC0-AD5C-F157EA2BD0C7}.Release|Any CPU.ActiveCfg = Release|Any CPU
		{DBE37248-5550-4EC0-AD5C-F157EA2BD0C7}.Release|Any CPU.Build.0 = Release|Any CPU
		{DBE37248-5550-4EC0-AD5C-F157EA2BD0C7}.Release|x64.ActiveCfg = Release|Any CPU
		{DBE37248-5550-4EC0-AD5C-F157EA2BD0C7}.Release|x64.Build.0 = Release|Any CPU
		{DBE37248-5550-4EC0-AD5C-F157EA2BD0C7}.Release|x86.ActiveCfg = Release|Any CPU
		{DBE37248-5550-4EC0-AD5C-F157EA2BD0C7}.Release|x86.Build.0 = Release|Any CPU
		{75119459-B4BA-4C7A-82AA-8B23306C6F49}.Debug|Any CPU.ActiveCfg = Debug|Any CPU
		{75119459-B4BA-4C7A-82AA-8B23306C6F49}.Debug|Any CPU.Build.0 = Debug|Any CPU
		{75119459-B4BA-4C7A-82AA-8B23306C6F49}.Debug|x64.ActiveCfg = Debug|Any CPU
		{75119459-B4BA-4C7A-82AA-8B23306C6F49}.Debug|x64.Build.0 = Debug|Any CPU
		{75119459-B4BA-4C7A-82AA-8B23306C6F49}.Debug|x86.ActiveCfg = Debug|Any CPU
		{75119459-B4BA-4C7A-82AA-8B23306C6F49}.Debug|x86.Build.0 = Debug|Any CPU
		{75119459-B4BA-4C7A-82AA-8B23306C6F49}.Release|Any CPU.ActiveCfg = Release|Any CPU
		{75119459-B4BA-4C7A-82AA-8B23306C6F49}.Release|Any CPU.Build.0 = Release|Any CPU
		{75119459-B4BA-4C7A-82AA-8B23306C6F49}.Release|x64.ActiveCfg = Release|Any CPU
		{75119459-B4BA-4C7A-82AA-8B23306C6F49}.Release|x64.Build.0 = Release|Any CPU
		{75119459-B4BA-4C7A-82AA-8B23306C6F49}.Release|x86.ActiveCfg = Release|Any CPU
		{75119459-B4BA-4C7A-82AA-8B23306C6F49}.Release|x86.Build.0 = Release|Any CPU
		{369187DE-BDBF-4CFA-A722-70E96CBB64EE}.Debug|Any CPU.ActiveCfg = Debug|Any CPU
		{369187DE-BDBF-4CFA-A722-70E96CBB64EE}.Debug|Any CPU.Build.0 = Debug|Any CPU
		{369187DE-BDBF-4CFA-A722-70E96CBB64EE}.Debug|x64.ActiveCfg = Debug|Any CPU
		{369187DE-BDBF-4CFA-A722-70E96CBB64EE}.Debug|x64.Build.0 = Debug|Any CPU
		{369187DE-BDBF-4CFA-A722-70E96CBB64EE}.Debug|x86.ActiveCfg = Debug|Any CPU
		{369187DE-BDBF-4CFA-A722-70E96CBB64EE}.Debug|x86.Build.0 = Debug|Any CPU
		{369187DE-BDBF-4CFA-A722-70E96CBB64EE}.Release|Any CPU.ActiveCfg = Release|Any CPU
		{369187DE-BDBF-4CFA-A722-70E96CBB64EE}.Release|Any CPU.Build.0 = Release|Any CPU
		{369187DE-BDBF-4CFA-A722-70E96CBB64EE}.Release|x64.ActiveCfg = Release|Any CPU
		{369187DE-BDBF-4CFA-A722-70E96CBB64EE}.Release|x64.Build.0 = Release|Any CPU
		{369187DE-BDBF-4CFA-A722-70E96CBB64EE}.Release|x86.ActiveCfg = Release|Any CPU
		{369187DE-BDBF-4CFA-A722-70E96CBB64EE}.Release|x86.Build.0 = Release|Any CPU
		{9EF45BFC-7479-4658-BA67-06D6C5DF85F4}.Debug|Any CPU.ActiveCfg = Debug|Any CPU
		{9EF45BFC-7479-4658-BA67-06D6C5DF85F4}.Debug|Any CPU.Build.0 = Debug|Any CPU
		{9EF45BFC-7479-4658-BA67-06D6C5DF85F4}.Debug|x64.ActiveCfg = Debug|Any CPU
		{9EF45BFC-7479-4658-BA67-06D6C5DF85F4}.Debug|x64.Build.0 = Debug|Any CPU
		{9EF45BFC-7479-4658-BA67-06D6C5DF85F4}.Debug|x86.ActiveCfg = Debug|Any CPU
		{9EF45BFC-7479-4658-BA67-06D6C5DF85F4}.Debug|x86.Build.0 = Debug|Any CPU
		{9EF45BFC-7479-4658-BA67-06D6C5DF85F4}.Release|Any CPU.ActiveCfg = Release|Any CPU
		{9EF45BFC-7479-4658-BA67-06D6C5DF85F4}.Release|Any CPU.Build.0 = Release|Any CPU
		{9EF45BFC-7479-4658-BA67-06D6C5DF85F4}.Release|x64.ActiveCfg = Release|Any CPU
		{9EF45BFC-7479-4658-BA67-06D6C5DF85F4}.Release|x64.Build.0 = Release|Any CPU
		{9EF45BFC-7479-4658-BA67-06D6C5DF85F4}.Release|x86.ActiveCfg = Release|Any CPU
		{9EF45BFC-7479-4658-BA67-06D6C5DF85F4}.Release|x86.Build.0 = Release|Any CPU
	EndGlobalSection
EndGlobal
