
Microsoft Visual Studio Solution File, Format Version 11.00
# Visual Studio 2010
Project("{2150E333-8FDC-42A3-9474-1A3956D46DE8}") = "SuperSocket", "SuperSocket", "{2E6E656A-D747-4A69-B300-8C82573A76B5}"
EndProject
Project("{FAE04EC0-301F-11D3-BF4B-00C04F79EFBC}") = "SuperSocket.Common", "..\Common\SuperSocket.Common.csproj", "{A24F4D38-BA9C-4FD6-95B7-4980DE36131A}"
EndProject
Project("{FAE04EC0-301F-11D3-BF4B-00C04F79EFBC}") = "SuperSocket.SocketService", "..\SocketService\SuperSocket.SocketService.csproj", "{B9113694-7226-4152-938D-3172B11571A1}"
EndProject
Project("{FAE04EC0-301F-11D3-BF4B-00C04F79EFBC}") = "RemoteProcessService", "RemoteProcessService\RemoteProcessService.csproj", "{CA67AA73-42D0-4A08-85C4-61FB569231A8}"
EndProject
Project("{FAE04EC0-301F-11D3-BF4B-00C04F79EFBC}") = "BroadcastService", "BroadcastService\BroadcastService.csproj", "{083155D6-A0A2-4703-AC43-7C6496A9B607}"
EndProject
Project("{FAE04EC0-301F-11D3-BF4B-00C04F79EFBC}") = "SuperSocket.Test", "..\Test\SuperSocket.Test.csproj", "{BDBB6CE9-C3CE-49C1-A05E-2D7628430A02}"
EndProject
Project("{FAE04EC0-301F-11D3-BF4B-00C04F79EFBC}") = "SuperSocket.SocketBase", "..\SocketBase\SuperSocket.SocketBase.csproj", "{40B77789-EA11-4C05-8F52-86711D7BCAAF}"
EndProject
Project("{FAE04EC0-301F-11D3-BF4B-00C04F79EFBC}") = "SuperSocket.SocketEngine", "..\SocketEngine\SuperSocket.SocketEngine.csproj", "{153FEF72-191C-43D9-BE71-2B351C7AC760}"
EndProject
Project("{FAE04EC0-301F-11D3-BF4B-00C04F79EFBC}") = "CustomProtocol", "CustomProtocol\CustomProtocol.csproj", "{FB261628-26FD-48B5-9D3D-C9E34B4728CF}"
EndProject
Project("{FAE04EC0-301F-11D3-BF4B-00C04F79EFBC}") = "SuperSocket.Facility", "..\Facility\SuperSocket.Facility.csproj", "{01987BAC-C498-44DD-B274-62EA2506B51D}"
EndProject
Project("{FAE04EC0-301F-11D3-BF4B-00C04F79EFBC}") = "GPSSocketServer", "GPSSocketServer\GPSSocketServer.csproj", "{2B1DD784-5A9D-4177-9291-ADEB3213A938}"
EndProject
Project("{FAE04EC0-301F-11D3-BF4B-00C04F79EFBC}") = "CommandFilter", "CommandFilter\CommandFilter.csproj", "{595A2664-BBC7-41CF-AA19-E34DEA3DBE6E}"
EndProject
Project("{FAE04EC0-301F-11D3-BF4B-00C04F79EFBC}") = "ConnectionFilter", "ConnectionFilter\ConnectionFilter.csproj", "{E286C017-49DB-4EA9-A6BC-EC6ADB51E0A8}"
EndProject
Project("{FAE04EC0-301F-11D3-BF4B-00C04F79EFBC}") = "MultipleAppServer", "MultipleAppServer\MultipleAppServer.csproj", "{22A610A1-5F55-449E-8831-A832D692DAEC}"
EndProject
Project("{FAE04EC0-301F-11D3-BF4B-00C04F79EFBC}") = "SuperSocket.Dlr", "..\Dlr\SuperSocket.Dlr.csproj", "{55BAA051-CE62-4D4A-81B6-68B042CC78E9}"
EndProject
Project("{FAE04EC0-301F-11D3-BF4B-00C04F79EFBC}") = "IronSocketServer", "IronSocketServer\IronSocketServer.csproj", "{9510FE4C-52ED-419F-B32D-61F18C487A64}"
EndProject
Project("{FAE04EC0-301F-11D3-BF4B-00C04F79EFBC}") = "CustomRequestInfoParser", "CustomRequestInfoParser\CustomRequestInfoParser.csproj", "{18457034-1FC3-4464-AA10-23B58EB1B0D5}"
EndProject
Project("{2150E333-8FDC-42A3-9474-1A3956D46DE8}") = "4-ConfigSample", "4-ConfigSample", "{863EC855-457E-484A-A7F4-2C787EB16E63}"
	ProjectSection(SolutionItems) = preProject
		ConfigSample\MultipleListenersA.exe.config = ConfigSample\MultipleListenersA.exe.config
		ConfigSample\MultipleListenersB.exe.config = ConfigSample\MultipleListenersB.exe.config
		ConfigSample\MultipleListenersC.exe.config = ConfigSample\MultipleListenersC.exe.config
		ConfigSample\PolicyServer.exe.config = ConfigSample\PolicyServer.exe.config
		ConfigSample\SecureServerA.config = ConfigSample\SecureServerA.config
		ConfigSample\SecureServerB.config = ConfigSample\SecureServerB.config
	EndProjectSection
EndProject
Project("{2150E333-8FDC-42A3-9474-1A3956D46DE8}") = "1-Basic", "1-Basic", "{AB1825DD-8588-418E-8043-70CEDB49265E}"
EndProject
Project("{FAE04EC0-301F-11D3-BF4B-00C04F79EFBC}") = "TelnetServer", "Basic\TelnetServer\TelnetServer.csproj", "{C71B100D-694D-4383-B7D8-4D9D3DCEF23E}"
EndProject
Project("{FAE04EC0-301F-11D3-BF4B-00C04F79EFBC}") = "TelnetServer_01_ProcessRequest", "Basic\TelnetServer_ProcessRequest\TelnetServer_01_ProcessRequest.csproj", "{DB923F73-B805-469C-AC2F-08C6540F2EB9}"
EndProject
Project("{FAE04EC0-301F-11D3-BF4B-00C04F79EFBC}") = "TelnetServer_02_Command", "Basic\TelnetServer_Command\TelnetServer_02_Command.csproj", "{E5F6D1E1-FD82-4EBD-B75B-390A9D96405C}"
EndProject
Project("{FAE04EC0-301F-11D3-BF4B-00C04F79EFBC}") = "TelnetServer_03_AppSession", "Basic\TelnetServer_AppSession\TelnetServer_03_AppSession.csproj", "{A6458E2D-1767-479B-8DFA-F2F4969A02E1}"
EndProject
Project("{FAE04EC0-301F-11D3-BF4B-00C04F79EFBC}") = "TelnetServer_04_AppServer", "Basic\TelnetServer_AppServer\TelnetServer_04_AppServer.csproj", "{76D94FF3-AA2A-4351-B8E3-D5E273511C0F}"
EndProject
Project("{FAE04EC0-301F-11D3-BF4B-00C04F79EFBC}") = "TelnetServer_05_StartByConfig", "Basic\TelnetServer_StartByConfig\TelnetServer_05_StartByConfig.csproj", "{674A646C-9F14-498A-9825-7AF8494A1C8C}"
EndProject
Project("{2150E333-8FDC-42A3-9474-1A3956D46DE8}") = "2-Medium", "2-Medium", "{E73AE70C-6D55-43E4-B1C2-FD3C0819BC2C}"
EndProject
Project("{2150E333-8FDC-42A3-9474-1A3956D46DE8}") = "3-Advanced", "3-Advanced", "{B8EFC72D-E929-428D-9D2F-C47FF0E520DD}"
EndProject
Project("{FAE04EC0-301F-11D3-BF4B-00C04F79EFBC}") = "TerminatorProtocol", "TerminatorProtocol\TerminatorProtocol.csproj", "{1EC9BF07-EDD2-4C51-A1FB-C2E76C9B0691}"
EndProject
Global
	GlobalSection(SolutionConfigurationPlatforms) = preSolution
		Debug|Any CPU = Debug|Any CPU
		Debug|Mixed Platforms = Debug|Mixed Platforms
		Debug|x86 = Debug|x86
		Release|Any CPU = Release|Any CPU
		Release|Mixed Platforms = Release|Mixed Platforms
		Release|x86 = Release|x86
	EndGlobalSection
	GlobalSection(ProjectConfigurationPlatforms) = postSolution
		{A24F4D38-BA9C-4FD6-95B7-4980DE36131A}.Debug|Any CPU.ActiveCfg = Debug|Any CPU
		{A24F4D38-BA9C-4FD6-95B7-4980DE36131A}.Debug|Any CPU.Build.0 = Debug|Any CPU
		{A24F4D38-BA9C-4FD6-95B7-4980DE36131A}.Debug|Mixed Platforms.ActiveCfg = Debug|Any CPU
		{A24F4D38-BA9C-4FD6-95B7-4980DE36131A}.Debug|Mixed Platforms.Build.0 = Debug|Any CPU
		{A24F4D38-BA9C-4FD6-95B7-4980DE36131A}.Debug|x86.ActiveCfg = Debug|Any CPU
		{A24F4D38-BA9C-4FD6-95B7-4980DE36131A}.Release|Any CPU.ActiveCfg = Release|Any CPU
		{A24F4D38-BA9C-4FD6-95B7-4980DE36131A}.Release|Any CPU.Build.0 = Release|Any CPU
		{A24F4D38-BA9C-4FD6-95B7-4980DE36131A}.Release|Mixed Platforms.ActiveCfg = Release|Any CPU
		{A24F4D38-BA9C-4FD6-95B7-4980DE36131A}.Release|Mixed Platforms.Build.0 = Release|Any CPU
		{A24F4D38-BA9C-4FD6-95B7-4980DE36131A}.Release|x86.ActiveCfg = Release|Any CPU
		{B9113694-7226-4152-938D-3172B11571A1}.Debug|Any CPU.ActiveCfg = Debug|Any CPU
		{B9113694-7226-4152-938D-3172B11571A1}.Debug|Any CPU.Build.0 = Debug|Any CPU
		{B9113694-7226-4152-938D-3172B11571A1}.Debug|Mixed Platforms.ActiveCfg = Debug|Any CPU
		{B9113694-7226-4152-938D-3172B11571A1}.Debug|Mixed Platforms.Build.0 = Debug|Any CPU
		{B9113694-7226-4152-938D-3172B11571A1}.Debug|x86.ActiveCfg = Debug|Any CPU
		{B9113694-7226-4152-938D-3172B11571A1}.Release|Any CPU.ActiveCfg = Release|Any CPU
		{B9113694-7226-4152-938D-3172B11571A1}.Release|Any CPU.Build.0 = Release|Any CPU
		{B9113694-7226-4152-938D-3172B11571A1}.Release|Mixed Platforms.ActiveCfg = Release|Any CPU
		{B9113694-7226-4152-938D-3172B11571A1}.Release|Mixed Platforms.Build.0 = Release|Any CPU
		{B9113694-7226-4152-938D-3172B11571A1}.Release|x86.ActiveCfg = Release|Any CPU
		{CA67AA73-42D0-4A08-85C4-61FB569231A8}.Debug|Any CPU.ActiveCfg = Debug|Any CPU
		{CA67AA73-42D0-4A08-85C4-61FB569231A8}.Debug|Any CPU.Build.0 = Debug|Any CPU
		{CA67AA73-42D0-4A08-85C4-61FB569231A8}.Debug|Mixed Platforms.ActiveCfg = Debug|Any CPU
		{CA67AA73-42D0-4A08-85C4-61FB569231A8}.Debug|Mixed Platforms.Build.0 = Debug|Any CPU
		{CA67AA73-42D0-4A08-85C4-61FB569231A8}.Debug|x86.ActiveCfg = Debug|Any CPU
		{CA67AA73-42D0-4A08-85C4-61FB569231A8}.Release|Any CPU.ActiveCfg = Release|Any CPU
		{CA67AA73-42D0-4A08-85C4-61FB569231A8}.Release|Any CPU.Build.0 = Release|Any CPU
		{CA67AA73-42D0-4A08-85C4-61FB569231A8}.Release|Mixed Platforms.ActiveCfg = Release|Any CPU
		{CA67AA73-42D0-4A08-85C4-61FB569231A8}.Release|Mixed Platforms.Build.0 = Release|Any CPU
		{CA67AA73-42D0-4A08-85C4-61FB569231A8}.Release|x86.ActiveCfg = Release|Any CPU
		{083155D6-A0A2-4703-AC43-7C6496A9B607}.Debug|Any CPU.ActiveCfg = Debug|Any CPU
		{083155D6-A0A2-4703-AC43-7C6496A9B607}.Debug|Any CPU.Build.0 = Debug|Any CPU
		{083155D6-A0A2-4703-AC43-7C6496A9B607}.Debug|Mixed Platforms.ActiveCfg = Debug|Any CPU
		{083155D6-A0A2-4703-AC43-7C6496A9B607}.Debug|Mixed Platforms.Build.0 = Debug|Any CPU
		{083155D6-A0A2-4703-AC43-7C6496A9B607}.Debug|x86.ActiveCfg = Debug|Any CPU
		{083155D6-A0A2-4703-AC43-7C6496A9B607}.Release|Any CPU.ActiveCfg = Release|Any CPU
		{083155D6-A0A2-4703-AC43-7C6496A9B607}.Release|Any CPU.Build.0 = Release|Any CPU
		{083155D6-A0A2-4703-AC43-7C6496A9B607}.Release|Mixed Platforms.ActiveCfg = Release|Any CPU
		{083155D6-A0A2-4703-AC43-7C6496A9B607}.Release|Mixed Platforms.Build.0 = Release|Any CPU
		{083155D6-A0A2-4703-AC43-7C6496A9B607}.Release|x86.ActiveCfg = Release|Any CPU
		{BDBB6CE9-C3CE-49C1-A05E-2D7628430A02}.Debug|Any CPU.ActiveCfg = Debug|Any CPU
		{BDBB6CE9-C3CE-49C1-A05E-2D7628430A02}.Debug|Any CPU.Build.0 = Debug|Any CPU
		{BDBB6CE9-C3CE-49C1-A05E-2D7628430A02}.Debug|Mixed Platforms.ActiveCfg = Debug|Any CPU
		{BDBB6CE9-C3CE-49C1-A05E-2D7628430A02}.Debug|Mixed Platforms.Build.0 = Debug|Any CPU
		{BDBB6CE9-C3CE-49C1-A05E-2D7628430A02}.Debug|x86.ActiveCfg = Debug|Any CPU
		{BDBB6CE9-C3CE-49C1-A05E-2D7628430A02}.Release|Any CPU.ActiveCfg = Release|Any CPU
		{BDBB6CE9-C3CE-49C1-A05E-2D7628430A02}.Release|Any CPU.Build.0 = Release|Any CPU
		{BDBB6CE9-C3CE-49C1-A05E-2D7628430A02}.Release|Mixed Platforms.ActiveCfg = Release|Any CPU
		{BDBB6CE9-C3CE-49C1-A05E-2D7628430A02}.Release|Mixed Platforms.Build.0 = Release|Any CPU
		{BDBB6CE9-C3CE-49C1-A05E-2D7628430A02}.Release|x86.ActiveCfg = Release|Any CPU
		{40B77789-EA11-4C05-8F52-86711D7BCAAF}.Debug|Any CPU.ActiveCfg = Debug|Any CPU
		{40B77789-EA11-4C05-8F52-86711D7BCAAF}.Debug|Any CPU.Build.0 = Debug|Any CPU
		{40B77789-EA11-4C05-8F52-86711D7BCAAF}.Debug|Mixed Platforms.ActiveCfg = Debug|Any CPU
		{40B77789-EA11-4C05-8F52-86711D7BCAAF}.Debug|Mixed Platforms.Build.0 = Debug|Any CPU
		{40B77789-EA11-4C05-8F52-86711D7BCAAF}.Debug|x86.ActiveCfg = Debug|Any CPU
		{40B77789-EA11-4C05-8F52-86711D7BCAAF}.Release|Any CPU.ActiveCfg = Release|Any CPU
		{40B77789-EA11-4C05-8F52-86711D7BCAAF}.Release|Any CPU.Build.0 = Release|Any CPU
		{40B77789-EA11-4C05-8F52-86711D7BCAAF}.Release|Mixed Platforms.ActiveCfg = Release|Any CPU
		{40B77789-EA11-4C05-8F52-86711D7BCAAF}.Release|Mixed Platforms.Build.0 = Release|Any CPU
		{40B77789-EA11-4C05-8F52-86711D7BCAAF}.Release|x86.ActiveCfg = Release|Any CPU
		{153FEF72-191C-43D9-BE71-2B351C7AC760}.Debug|Any CPU.ActiveCfg = Debug|Any CPU
		{153FEF72-191C-43D9-BE71-2B351C7AC760}.Debug|Any CPU.Build.0 = Debug|Any CPU
		{153FEF72-191C-43D9-BE71-2B351C7AC760}.Debug|Mixed Platforms.ActiveCfg = Debug|Any CPU
		{153FEF72-191C-43D9-BE71-2B351C7AC760}.Debug|Mixed Platforms.Build.0 = Debug|Any CPU
		{153FEF72-191C-43D9-BE71-2B351C7AC760}.Debug|x86.ActiveCfg = Debug|Any CPU
		{153FEF72-191C-43D9-BE71-2B351C7AC760}.Release|Any CPU.ActiveCfg = Release|Any CPU
		{153FEF72-191C-43D9-BE71-2B351C7AC760}.Release|Any CPU.Build.0 = Release|Any CPU
		{153FEF72-191C-43D9-BE71-2B351C7AC760}.Release|Mixed Platforms.ActiveCfg = Release|Any CPU
		{153FEF72-191C-43D9-BE71-2B351C7AC760}.Release|Mixed Platforms.Build.0 = Release|Any CPU
		{153FEF72-191C-43D9-BE71-2B351C7AC760}.Release|x86.ActiveCfg = Release|Any CPU
		{FB261628-26FD-48B5-9D3D-C9E34B4728CF}.Debug|Any CPU.ActiveCfg = Debug|Any CPU
		{FB261628-26FD-48B5-9D3D-C9E34B4728CF}.Debug|Any CPU.Build.0 = Debug|Any CPU
		{FB261628-26FD-48B5-9D3D-C9E34B4728CF}.Debug|Mixed Platforms.ActiveCfg = Debug|Any CPU
		{FB261628-26FD-48B5-9D3D-C9E34B4728CF}.Debug|Mixed Platforms.Build.0 = Debug|Any CPU
		{FB261628-26FD-48B5-9D3D-C9E34B4728CF}.Debug|x86.ActiveCfg = Debug|Any CPU
		{FB261628-26FD-48B5-9D3D-C9E34B4728CF}.Release|Any CPU.ActiveCfg = Release|Any CPU
		{FB261628-26FD-48B5-9D3D-C9E34B4728CF}.Release|Any CPU.Build.0 = Release|Any CPU
		{FB261628-26FD-48B5-9D3D-C9E34B4728CF}.Release|Mixed Platforms.ActiveCfg = Release|Any CPU
		{FB261628-26FD-48B5-9D3D-C9E34B4728CF}.Release|Mixed Platforms.Build.0 = Release|Any CPU
		{FB261628-26FD-48B5-9D3D-C9E34B4728CF}.Release|x86.ActiveCfg = Release|Any CPU
		{01987BAC-C498-44DD-B274-62EA2506B51D}.Debug|Any CPU.ActiveCfg = Debug|Any CPU
		{01987BAC-C498-44DD-B274-62EA2506B51D}.Debug|Any CPU.Build.0 = Debug|Any CPU
		{01987BAC-C498-44DD-B274-62EA2506B51D}.Debug|Mixed Platforms.ActiveCfg = Debug|Any CPU
		{01987BAC-C498-44DD-B274-62EA2506B51D}.Debug|Mixed Platforms.Build.0 = Debug|Any CPU
		{01987BAC-C498-44DD-B274-62EA2506B51D}.Debug|x86.ActiveCfg = Debug|Any CPU
		{01987BAC-C498-44DD-B274-62EA2506B51D}.Release|Any CPU.ActiveCfg = Release|Any CPU
		{01987BAC-C498-44DD-B274-62EA2506B51D}.Release|Any CPU.Build.0 = Release|Any CPU
		{01987BAC-C498-44DD-B274-62EA2506B51D}.Release|Mixed Platforms.ActiveCfg = Release|Any CPU
		{01987BAC-C498-44DD-B274-62EA2506B51D}.Release|Mixed Platforms.Build.0 = Release|Any CPU
		{01987BAC-C498-44DD-B274-62EA2506B51D}.Release|x86.ActiveCfg = Release|Any CPU
		{2B1DD784-5A9D-4177-9291-ADEB3213A938}.Debug|Any CPU.ActiveCfg = Debug|Any CPU
		{2B1DD784-5A9D-4177-9291-ADEB3213A938}.Debug|Any CPU.Build.0 = Debug|Any CPU
		{2B1DD784-5A9D-4177-9291-ADEB3213A938}.Debug|Mixed Platforms.ActiveCfg = Debug|Any CPU
		{2B1DD784-5A9D-4177-9291-ADEB3213A938}.Debug|Mixed Platforms.Build.0 = Debug|Any CPU
		{2B1DD784-5A9D-4177-9291-ADEB3213A938}.Debug|x86.ActiveCfg = Debug|Any CPU
		{2B1DD784-5A9D-4177-9291-ADEB3213A938}.Release|Any CPU.ActiveCfg = Release|Any CPU
		{2B1DD784-5A9D-4177-9291-ADEB3213A938}.Release|Any CPU.Build.0 = Release|Any CPU
		{2B1DD784-5A9D-4177-9291-ADEB3213A938}.Release|Mixed Platforms.ActiveCfg = Release|Any CPU
		{2B1DD784-5A9D-4177-9291-ADEB3213A938}.Release|Mixed Platforms.Build.0 = Release|Any CPU
		{2B1DD784-5A9D-4177-9291-ADEB3213A938}.Release|x86.ActiveCfg = Release|Any CPU
		{595A2664-BBC7-41CF-AA19-E34DEA3DBE6E}.Debug|Any CPU.ActiveCfg = Debug|Any CPU
		{595A2664-BBC7-41CF-AA19-E34DEA3DBE6E}.Debug|Any CPU.Build.0 = Debug|Any CPU
		{595A2664-BBC7-41CF-AA19-E34DEA3DBE6E}.Debug|Mixed Platforms.ActiveCfg = Debug|Any CPU
		{595A2664-BBC7-41CF-AA19-E34DEA3DBE6E}.Debug|Mixed Platforms.Build.0 = Debug|Any CPU
		{595A2664-BBC7-41CF-AA19-E34DEA3DBE6E}.Debug|x86.ActiveCfg = Debug|Any CPU
		{595A2664-BBC7-41CF-AA19-E34DEA3DBE6E}.Release|Any CPU.ActiveCfg = Release|Any CPU
		{595A2664-BBC7-41CF-AA19-E34DEA3DBE6E}.Release|Any CPU.Build.0 = Release|Any CPU
		{595A2664-BBC7-41CF-AA19-E34DEA3DBE6E}.Release|Mixed Platforms.ActiveCfg = Release|Any CPU
		{595A2664-BBC7-41CF-AA19-E34DEA3DBE6E}.Release|Mixed Platforms.Build.0 = Release|Any CPU
		{595A2664-BBC7-41CF-AA19-E34DEA3DBE6E}.Release|x86.ActiveCfg = Release|Any CPU
		{E286C017-49DB-4EA9-A6BC-EC6ADB51E0A8}.Debug|Any CPU.ActiveCfg = Debug|Any CPU
		{E286C017-49DB-4EA9-A6BC-EC6ADB51E0A8}.Debug|Any CPU.Build.0 = Debug|Any CPU
		{E286C017-49DB-4EA9-A6BC-EC6ADB51E0A8}.Debug|Mixed Platforms.ActiveCfg = Debug|Any CPU
		{E286C017-49DB-4EA9-A6BC-EC6ADB51E0A8}.Debug|Mixed Platforms.Build.0 = Debug|Any CPU
		{E286C017-49DB-4EA9-A6BC-EC6ADB51E0A8}.Debug|x86.ActiveCfg = Debug|Any CPU
		{E286C017-49DB-4EA9-A6BC-EC6ADB51E0A8}.Release|Any CPU.ActiveCfg = Release|Any CPU
		{E286C017-49DB-4EA9-A6BC-EC6ADB51E0A8}.Release|Any CPU.Build.0 = Release|Any CPU
		{E286C017-49DB-4EA9-A6BC-EC6ADB51E0A8}.Release|Mixed Platforms.ActiveCfg = Release|Any CPU
		{E286C017-49DB-4EA9-A6BC-EC6ADB51E0A8}.Release|Mixed Platforms.Build.0 = Release|Any CPU
		{E286C017-49DB-4EA9-A6BC-EC6ADB51E0A8}.Release|x86.ActiveCfg = Release|Any CPU
		{22A610A1-5F55-449E-8831-A832D692DAEC}.Debug|Any CPU.ActiveCfg = Debug|Any CPU
		{22A610A1-5F55-449E-8831-A832D692DAEC}.Debug|Any CPU.Build.0 = Debug|Any CPU
		{22A610A1-5F55-449E-8831-A832D692DAEC}.Debug|Mixed Platforms.ActiveCfg = Debug|Any CPU
		{22A610A1-5F55-449E-8831-A832D692DAEC}.Debug|Mixed Platforms.Build.0 = Debug|Any CPU
		{22A610A1-5F55-449E-8831-A832D692DAEC}.Debug|x86.ActiveCfg = Debug|Any CPU
		{22A610A1-5F55-449E-8831-A832D692DAEC}.Release|Any CPU.ActiveCfg = Release|Any CPU
		{22A610A1-5F55-449E-8831-A832D692DAEC}.Release|Any CPU.Build.0 = Release|Any CPU
		{22A610A1-5F55-449E-8831-A832D692DAEC}.Release|Mixed Platforms.ActiveCfg = Release|Any CPU
		{22A610A1-5F55-449E-8831-A832D692DAEC}.Release|Mixed Platforms.Build.0 = Release|Any CPU
		{22A610A1-5F55-449E-8831-A832D692DAEC}.Release|x86.ActiveCfg = Release|Any CPU
		{55BAA051-CE62-4D4A-81B6-68B042CC78E9}.Debug|Any CPU.ActiveCfg = Debug|Any CPU
		{55BAA051-CE62-4D4A-81B6-68B042CC78E9}.Debug|Any CPU.Build.0 = Debug|Any CPU
		{55BAA051-CE62-4D4A-81B6-68B042CC78E9}.Debug|Mixed Platforms.ActiveCfg = Debug|Any CPU
		{55BAA051-CE62-4D4A-81B6-68B042CC78E9}.Debug|Mixed Platforms.Build.0 = Debug|Any CPU
		{55BAA051-CE62-4D4A-81B6-68B042CC78E9}.Debug|x86.ActiveCfg = Debug|Any CPU
		{55BAA051-CE62-4D4A-81B6-68B042CC78E9}.Release|Any CPU.ActiveCfg = Release|Any CPU
		{55BAA051-CE62-4D4A-81B6-68B042CC78E9}.Release|Any CPU.Build.0 = Release|Any CPU
		{55BAA051-CE62-4D4A-81B6-68B042CC78E9}.Release|Mixed Platforms.ActiveCfg = Release|Any CPU
		{55BAA051-CE62-4D4A-81B6-68B042CC78E9}.Release|Mixed Platforms.Build.0 = Release|Any CPU
		{55BAA051-CE62-4D4A-81B6-68B042CC78E9}.Release|x86.ActiveCfg = Release|Any CPU
		{9510FE4C-52ED-419F-B32D-61F18C487A64}.Debug|Any CPU.ActiveCfg = Debug|Any CPU
		{9510FE4C-52ED-419F-B32D-61F18C487A64}.Debug|Any CPU.Build.0 = Debug|Any CPU
		{9510FE4C-52ED-419F-B32D-61F18C487A64}.Debug|Mixed Platforms.ActiveCfg = Debug|Any CPU
		{9510FE4C-52ED-419F-B32D-61F18C487A64}.Debug|Mixed Platforms.Build.0 = Debug|Any CPU
		{9510FE4C-52ED-419F-B32D-61F18C487A64}.Debug|x86.ActiveCfg = Debug|Any CPU
		{9510FE4C-52ED-419F-B32D-61F18C487A64}.Release|Any CPU.ActiveCfg = Release|Any CPU
		{9510FE4C-52ED-419F-B32D-61F18C487A64}.Release|Any CPU.Build.0 = Release|Any CPU
		{9510FE4C-52ED-419F-B32D-61F18C487A64}.Release|Mixed Platforms.ActiveCfg = Release|Any CPU
		{9510FE4C-52ED-419F-B32D-61F18C487A64}.Release|Mixed Platforms.Build.0 = Release|Any CPU
		{9510FE4C-52ED-419F-B32D-61F18C487A64}.Release|x86.ActiveCfg = Release|Any CPU
		{18457034-1FC3-4464-AA10-23B58EB1B0D5}.Debug|Any CPU.ActiveCfg = Debug|Any CPU
		{18457034-1FC3-4464-AA10-23B58EB1B0D5}.Debug|Any CPU.Build.0 = Debug|Any CPU
		{18457034-1FC3-4464-AA10-23B58EB1B0D5}.Debug|Mixed Platforms.ActiveCfg = Debug|Any CPU
		{18457034-1FC3-4464-AA10-23B58EB1B0D5}.Debug|Mixed Platforms.Build.0 = Debug|Any CPU
		{18457034-1FC3-4464-AA10-23B58EB1B0D5}.Debug|x86.ActiveCfg = Debug|Any CPU
		{18457034-1FC3-4464-AA10-23B58EB1B0D5}.Release|Any CPU.ActiveCfg = Release|Any CPU
		{18457034-1FC3-4464-AA10-23B58EB1B0D5}.Release|Any CPU.Build.0 = Release|Any CPU
		{18457034-1FC3-4464-AA10-23B58EB1B0D5}.Release|Mixed Platforms.ActiveCfg = Release|Any CPU
		{18457034-1FC3-4464-AA10-23B58EB1B0D5}.Release|Mixed Platforms.Build.0 = Release|Any CPU
		{18457034-1FC3-4464-AA10-23B58EB1B0D5}.Release|x86.ActiveCfg = Release|Any CPU
		{C71B100D-694D-4383-B7D8-4D9D3DCEF23E}.Debug|Any CPU.ActiveCfg = Debug|Any CPU
		{C71B100D-694D-4383-B7D8-4D9D3DCEF23E}.Debug|Any CPU.Build.0 = Debug|Any CPU
		{C71B100D-694D-4383-B7D8-4D9D3DCEF23E}.Debug|Mixed Platforms.ActiveCfg = Debug|Any CPU
		{C71B100D-694D-4383-B7D8-4D9D3DCEF23E}.Debug|Mixed Platforms.Build.0 = Debug|Any CPU
		{C71B100D-694D-4383-B7D8-4D9D3DCEF23E}.Debug|x86.ActiveCfg = Debug|Any CPU
		{C71B100D-694D-4383-B7D8-4D9D3DCEF23E}.Release|Any CPU.ActiveCfg = Release|Any CPU
		{C71B100D-694D-4383-B7D8-4D9D3DCEF23E}.Release|Any CPU.Build.0 = Release|Any CPU
		{C71B100D-694D-4383-B7D8-4D9D3DCEF23E}.Release|Mixed Platforms.ActiveCfg = Release|Any CPU
		{C71B100D-694D-4383-B7D8-4D9D3DCEF23E}.Release|Mixed Platforms.Build.0 = Release|Any CPU
		{C71B100D-694D-4383-B7D8-4D9D3DCEF23E}.Release|x86.ActiveCfg = Release|Any CPU
		{DB923F73-B805-469C-AC2F-08C6540F2EB9}.Debug|Any CPU.ActiveCfg = Debug|Any CPU
		{DB923F73-B805-469C-AC2F-08C6540F2EB9}.Debug|Any CPU.Build.0 = Debug|Any CPU
		{DB923F73-B805-469C-AC2F-08C6540F2EB9}.Debug|Mixed Platforms.ActiveCfg = Debug|Any CPU
		{DB923F73-B805-469C-AC2F-08C6540F2EB9}.Debug|Mixed Platforms.Build.0 = Debug|Any CPU
		{DB923F73-B805-469C-AC2F-08C6540F2EB9}.Debug|x86.ActiveCfg = Debug|Any CPU
		{DB923F73-B805-469C-AC2F-08C6540F2EB9}.Release|Any CPU.ActiveCfg = Release|Any CPU
		{DB923F73-B805-469C-AC2F-08C6540F2EB9}.Release|Any CPU.Build.0 = Release|Any CPU
		{DB923F73-B805-469C-AC2F-08C6540F2EB9}.Release|Mixed Platforms.ActiveCfg = Release|Any CPU
		{DB923F73-B805-469C-AC2F-08C6540F2EB9}.Release|Mixed Platforms.Build.0 = Release|Any CPU
		{DB923F73-B805-469C-AC2F-08C6540F2EB9}.Release|x86.ActiveCfg = Release|Any CPU
		{E5F6D1E1-FD82-4EBD-B75B-390A9D96405C}.Debug|Any CPU.ActiveCfg = Debug|x86
		{E5F6D1E1-FD82-4EBD-B75B-390A9D96405C}.Debug|Mixed Platforms.ActiveCfg = Debug|x86
		{E5F6D1E1-FD82-4EBD-B75B-390A9D96405C}.Debug|Mixed Platforms.Build.0 = Debug|x86
		{E5F6D1E1-FD82-4EBD-B75B-390A9D96405C}.Debug|x86.ActiveCfg = Debug|x86
		{E5F6D1E1-FD82-4EBD-B75B-390A9D96405C}.Debug|x86.Build.0 = Debug|x86
		{E5F6D1E1-FD82-4EBD-B75B-390A9D96405C}.Release|Any CPU.ActiveCfg = Release|x86
		{E5F6D1E1-FD82-4EBD-B75B-390A9D96405C}.Release|Mixed Platforms.ActiveCfg = Release|x86
		{E5F6D1E1-FD82-4EBD-B75B-390A9D96405C}.Release|Mixed Platforms.Build.0 = Release|x86
		{E5F6D1E1-FD82-4EBD-B75B-390A9D96405C}.Release|x86.ActiveCfg = Release|x86
		{E5F6D1E1-FD82-4EBD-B75B-390A9D96405C}.Release|x86.Build.0 = Release|x86
		{A6458E2D-1767-479B-8DFA-F2F4969A02E1}.Debug|Any CPU.ActiveCfg = Debug|Any CPU
		{A6458E2D-1767-479B-8DFA-F2F4969A02E1}.Debug|Any CPU.Build.0 = Debug|Any CPU
		{A6458E2D-1767-479B-8DFA-F2F4969A02E1}.Debug|Mixed Platforms.ActiveCfg = Debug|Any CPU
		{A6458E2D-1767-479B-8DFA-F2F4969A02E1}.Debug|Mixed Platforms.Build.0 = Debug|Any CPU
		{A6458E2D-1767-479B-8DFA-F2F4969A02E1}.Debug|x86.ActiveCfg = Debug|Any CPU
		{A6458E2D-1767-479B-8DFA-F2F4969A02E1}.Release|Any CPU.ActiveCfg = Release|Any CPU
		{A6458E2D-1767-479B-8DFA-F2F4969A02E1}.Release|Any CPU.Build.0 = Release|Any CPU
		{A6458E2D-1767-479B-8DFA-F2F4969A02E1}.Release|Mixed Platforms.ActiveCfg = Release|Any CPU
		{A6458E2D-1767-479B-8DFA-F2F4969A02E1}.Release|Mixed Platforms.Build.0 = Release|Any CPU
		{A6458E2D-1767-479B-8DFA-F2F4969A02E1}.Release|x86.ActiveCfg = Release|Any CPU
		{76D94FF3-AA2A-4351-B8E3-D5E273511C0F}.Debug|Any CPU.ActiveCfg = Debug|Any CPU
		{76D94FF3-AA2A-4351-B8E3-D5E273511C0F}.Debug|Any CPU.Build.0 = Debug|Any CPU
		{76D94FF3-AA2A-4351-B8E3-D5E273511C0F}.Debug|Mixed Platforms.ActiveCfg = Debug|Any CPU
		{76D94FF3-AA2A-4351-B8E3-D5E273511C0F}.Debug|Mixed Platforms.Build.0 = Debug|Any CPU
		{76D94FF3-AA2A-4351-B8E3-D5E273511C0F}.Debug|x86.ActiveCfg = Debug|Any CPU
		{76D94FF3-AA2A-4351-B8E3-D5E273511C0F}.Release|Any CPU.ActiveCfg = Release|Any CPU
		{76D94FF3-AA2A-4351-B8E3-D5E273511C0F}.Release|Any CPU.Build.0 = Release|Any CPU
		{76D94FF3-AA2A-4351-B8E3-D5E273511C0F}.Release|Mixed Platforms.ActiveCfg = Release|Any CPU
		{76D94FF3-AA2A-4351-B8E3-D5E273511C0F}.Release|Mixed Platforms.Build.0 = Release|Any CPU
		{76D94FF3-AA2A-4351-B8E3-D5E273511C0F}.Release|x86.ActiveCfg = Release|Any CPU
		{674A646C-9F14-498A-9825-7AF8494A1C8C}.Debug|Any CPU.ActiveCfg = Debug|Any CPU
		{674A646C-9F14-498A-9825-7AF8494A1C8C}.Debug|Any CPU.Build.0 = Debug|Any CPU
		{674A646C-9F14-498A-9825-7AF8494A1C8C}.Debug|Mixed Platforms.ActiveCfg = Debug|Any CPU
		{674A646C-9F14-498A-9825-7AF8494A1C8C}.Debug|Mixed Platforms.Build.0 = Debug|Any CPU
		{674A646C-9F14-498A-9825-7AF8494A1C8C}.Debug|x86.ActiveCfg = Debug|Any CPU
		{674A646C-9F14-498A-9825-7AF8494A1C8C}.Release|Any CPU.ActiveCfg = Release|Any CPU
		{674A646C-9F14-498A-9825-7AF8494A1C8C}.Release|Any CPU.Build.0 = Release|Any CPU
		{674A646C-9F14-498A-9825-7AF8494A1C8C}.Release|Mixed Platforms.ActiveCfg = Release|Any CPU
		{674A646C-9F14-498A-9825-7AF8494A1C8C}.Release|Mixed Platforms.Build.0 = Release|Any CPU
		{674A646C-9F14-498A-9825-7AF8494A1C8C}.Release|x86.ActiveCfg = Release|Any CPU
		{1EC9BF07-EDD2-4C51-A1FB-C2E76C9B0691}.Debug|Any CPU.ActiveCfg = Debug|Any CPU
		{1EC9BF07-EDD2-4C51-A1FB-C2E76C9B0691}.Debug|Any CPU.Build.0 = Debug|Any CPU
		{1EC9BF07-EDD2-4C51-A1FB-C2E76C9B0691}.Debug|Mixed Platforms.ActiveCfg = Debug|Any CPU
		{1EC9BF07-EDD2-4C51-A1FB-C2E76C9B0691}.Debug|Mixed Platforms.Build.0 = Debug|Any CPU
		{1EC9BF07-EDD2-4C51-A1FB-C2E76C9B0691}.Debug|x86.ActiveCfg = Debug|Any CPU
		{1EC9BF07-EDD2-4C51-A1FB-C2E76C9B0691}.Release|Any CPU.ActiveCfg = Release|Any CPU
		{1EC9BF07-EDD2-4C51-A1FB-C2E76C9B0691}.Release|Any CPU.Build.0 = Release|Any CPU
		{1EC9BF07-EDD2-4C51-A1FB-C2E76C9B0691}.Release|Mixed Platforms.ActiveCfg = Release|Any CPU
		{1EC9BF07-EDD2-4C51-A1FB-C2E76C9B0691}.Release|Mixed Platforms.Build.0 = Release|Any CPU
		{1EC9BF07-EDD2-4C51-A1FB-C2E76C9B0691}.Release|x86.ActiveCfg = Release|Any CPU
	EndGlobalSection
	GlobalSection(SolutionProperties) = preSolution
		HideSolutionNode = FALSE
	EndGlobalSection
	GlobalSection(NestedProjects) = preSolution
		{A24F4D38-BA9C-4FD6-95B7-4980DE36131A} = {2E6E656A-D747-4A69-B300-8C82573A76B5}
		{B9113694-7226-4152-938D-3172B11571A1} = {2E6E656A-D747-4A69-B300-8C82573A76B5}
		{BDBB6CE9-C3CE-49C1-A05E-2D7628430A02} = {2E6E656A-D747-4A69-B300-8C82573A76B5}
		{40B77789-EA11-4C05-8F52-86711D7BCAAF} = {2E6E656A-D747-4A69-B300-8C82573A76B5}
		{153FEF72-191C-43D9-BE71-2B351C7AC760} = {2E6E656A-D747-4A69-B300-8C82573A76B5}
		{01987BAC-C498-44DD-B274-62EA2506B51D} = {2E6E656A-D747-4A69-B300-8C82573A76B5}
		{55BAA051-CE62-4D4A-81B6-68B042CC78E9} = {2E6E656A-D747-4A69-B300-8C82573A76B5}
		{083155D6-A0A2-4703-AC43-7C6496A9B607} = {E73AE70C-6D55-43E4-B1C2-FD3C0819BC2C}
		{595A2664-BBC7-41CF-AA19-E34DEA3DBE6E} = {E73AE70C-6D55-43E4-B1C2-FD3C0819BC2C}
		{E286C017-49DB-4EA9-A6BC-EC6ADB51E0A8} = {E73AE70C-6D55-43E4-B1C2-FD3C0819BC2C}
		{18457034-1FC3-4464-AA10-23B58EB1B0D5} = {E73AE70C-6D55-43E4-B1C2-FD3C0819BC2C}
		{CA67AA73-42D0-4A08-85C4-61FB569231A8} = {E73AE70C-6D55-43E4-B1C2-FD3C0819BC2C}
		{1EC9BF07-EDD2-4C51-A1FB-C2E76C9B0691} = {E73AE70C-6D55-43E4-B1C2-FD3C0819BC2C}
		{2B1DD784-5A9D-4177-9291-ADEB3213A938} = {B8EFC72D-E929-428D-9D2F-C47FF0E520DD}
		{22A610A1-5F55-449E-8831-A832D692DAEC} = {B8EFC72D-E929-428D-9D2F-C47FF0E520DD}
		{9510FE4C-52ED-419F-B32D-61F18C487A64} = {B8EFC72D-E929-428D-9D2F-C47FF0E520DD}
		{FB261628-26FD-48B5-9D3D-C9E34B4728CF} = {B8EFC72D-E929-428D-9D2F-C47FF0E520DD}
		{C71B100D-694D-4383-B7D8-4D9D3DCEF23E} = {AB1825DD-8588-418E-8043-70CEDB49265E}
		{DB923F73-B805-469C-AC2F-08C6540F2EB9} = {AB1825DD-8588-418E-8043-70CEDB49265E}
		{E5F6D1E1-FD82-4EBD-B75B-390A9D96405C} = {AB1825DD-8588-418E-8043-70CEDB49265E}
		{A6458E2D-1767-479B-8DFA-F2F4969A02E1} = {AB1825DD-8588-418E-8043-70CEDB49265E}
		{76D94FF3-AA2A-4351-B8E3-D5E273511C0F} = {AB1825DD-8588-418E-8043-70CEDB49265E}
		{674A646C-9F14-498A-9825-7AF8494A1C8C} = {AB1825DD-8588-418E-8043-70CEDB49265E}
	EndGlobalSection
EndGlobal
