
Microsoft Visual Studio Solution File, Format Version 11.00
# Visual Studio 2010
Project("{FAE04EC0-301F-11D3-BF4B-00C04F79EFBC}") = "EnterpriseLibrary", "EnterpriseLibrary\EnterpriseLibrary.csproj", "{D54E5DDA-DA28-41A1-BA45-20202C00B47B}"
EndProject
Project("{FAE04EC0-301F-11D3-BF4B-00C04F79EFBC}") = "SuperSocket.Common", "..\Common\SuperSocket.Common.csproj", "{A24F4D38-BA9C-4FD6-95B7-4980DE36131A}"
EndProject
Global
	GlobalSection(SolutionConfigurationPlatforms) = preSolution
		Debug|Any CPU = Debug|Any CPU
		Release|Any CPU = Release|Any CPU
	EndGlobalSection
	GlobalSection(ProjectConfigurationPlatforms) = postSolution
		{D54E5DDA-DA28-41A1-BA45-20202C00B47B}.Debug|Any CPU.ActiveCfg = Debug|Any CPU
		{D54E5DDA-DA28-41A1-BA45-20202C00B47B}.Debug|Any CPU.Build.0 = Debug|Any CPU
		{D54E5DDA-DA28-41A1-BA45-20202C00B47B}.Release|Any CPU.ActiveCfg = Release|Any CPU
		{D54E5DDA-DA28-41A1-BA45-20202C00B47B}.Release|Any CPU.Build.0 = Release|Any CPU
		{A24F4D38-BA9C-4FD6-95B7-4980DE36131A}.Debug|Any CPU.ActiveCfg = Debug|Any CPU
		{A24F4D38-BA9C-4FD6-95B7-4980DE36131A}.Debug|Any CPU.Build.0 = Debug|Any CPU
		{A24F4D38-BA9C-4FD6-95B7-4980DE36131A}.Release|Any CPU.ActiveCfg = Release|Any CPU
		{A24F4D38-BA9C-4FD6-95B7-4980DE36131A}.Release|Any CPU.Build.0 = Release|Any CPU
	EndGlobalSection
	GlobalSection(SolutionProperties) = preSolution
		HideSolutionNode = FALSE
	EndGlobalSection
EndGlobal
