
Microsoft Visual Studio Solution File, Format Version 10.00
# Visual Studio 2008
Project("{FAE04EC0-301F-11D3-BF4B-00C04F79EFBC}") = "ClientShell", "ClientShell\ClientShell.csproj", "{2B11B2A2-77DE-4B59-93D8-B067CB453BBB}"
EndProject
Project("{FAE04EC0-301F-11D3-BF4B-00C04F79EFBC}") = "Presentation", "Presentation\Presentation.csproj", "{9D2F0B03-7300-4661-B999-C58BE836E5B2}"
EndProject
Project("{FAE04EC0-301F-11D3-BF4B-00C04F79EFBC}") = "ClientBase", "ClientBase\ClientBase.csproj", "{11255529-234B-477B-83D9-6B7B91945661}"
EndProject
Global
	GlobalSection(SolutionConfigurationPlatforms) = preSolution
		Debug|Any CPU = Debug|Any CPU
		Release|Any CPU = Release|Any CPU
	EndGlobalSection
	GlobalSection(ProjectConfigurationPlatforms) = postSolution
		{2B11B2A2-77DE-4B59-93D8-B067CB453BBB}.Debug|Any CPU.ActiveCfg = Debug|Any CPU
		{2B11B2A2-77DE-4B59-93D8-B067CB453BBB}.Debug|Any CPU.Build.0 = Debug|Any CPU
		{2B11B2A2-77DE-4B59-93D8-B067CB453BBB}.Release|Any CPU.ActiveCfg = Release|Any CPU
		{2B11B2A2-77DE-4B59-93D8-B067CB453BBB}.Release|Any CPU.Build.0 = Release|Any CPU
		{9D2F0B03-7300-4661-B999-C58BE836E5B2}.Debug|Any CPU.ActiveCfg = Debug|Any CPU
		{9D2F0B03-7300-4661-B999-C58BE836E5B2}.Debug|Any CPU.Build.0 = Debug|Any CPU
		{9D2F0B03-7300-4661-B999-C58BE836E5B2}.Release|Any CPU.ActiveCfg = Release|Any CPU
		{9D2F0B03-7300-4661-B999-C58BE836E5B2}.Release|Any CPU.Build.0 = Release|Any CPU
		{11255529-234B-477B-83D9-6B7B91945661}.Debug|Any CPU.ActiveCfg = Debug|Any CPU
		{11255529-234B-477B-83D9-6B7B91945661}.Debug|Any CPU.Build.0 = Debug|Any CPU
		{11255529-234B-477B-83D9-6B7B91945661}.Release|Any CPU.ActiveCfg = Release|Any CPU
		{11255529-234B-477B-83D9-6B7B91945661}.Release|Any CPU.Build.0 = Release|Any CPU
	EndGlobalSection
	GlobalSection(SolutionProperties) = preSolution
		HideSolutionNode = FALSE
	EndGlobalSection
EndGlobal
