
Microsoft Visual Studio Solution File, Format Version 11.00
# Visual Studio 2010
Project("{FAE04EC0-301F-11D3-BF4B-00C04F79EFBC}") = "SuperSocket.SocketService.Net40", "..\..\SocketService\SuperSocket.SocketService.Net40.csproj", "{B9113694-7226-4152-938D-3172B11571A1}"
EndProject
Project("{FAE04EC0-301F-11D3-BF4B-00C04F79EFBC}") = "SuperSocket.Common.Net40", "..\..\Common\SuperSocket.Common.Net40.csproj", "{A24F4D38-BA9C-4FD6-95B7-4980DE36131A}"
EndProject
Project("{FAE04EC0-301F-11D3-BF4B-00C04F79EFBC}") = "SuperSocket.SocketBase.Net40", "..\..\SocketBase\SuperSocket.SocketBase.Net40.csproj", "{40B77789-EA11-4C05-8F52-86711D7BCAAF}"
EndProject
Project("{FAE04EC0-301F-11D3-BF4B-00C04F79EFBC}") = "SuperSocket.SocketEngine.Net40", "..\..\SocketEngine\SuperSocket.SocketEngine.Net40.csproj", "{153FEF72-191C-43D9-BE71-2B351C7AC760}"
EndProject
Project("{2150E333-8FDC-42A3-9474-1A3956D46DE8}") = "Solution Items", "Solution Items", "{BEAF6CBD-16DD-456B-A889-421E0DFAB783}"
	ProjectSection(SolutionItems) = preProject
		..\..\Solution Items\GlobalAssemblyInfo.cs = ..\..\Solution Items\GlobalAssemblyInfo.cs
		..\..\Solution Items\log4net.config = ..\..\Solution Items\log4net.config
		..\..\Solution Items\log4net.unix.config = ..\..\Solution Items\log4net.unix.config
	EndProjectSection
EndProject
Project("{2150E333-8FDC-42A3-9474-1A3956D46DE8}") = "Net35", "Net35", "{FC181BA8-9DE5-444C-899F-9C554BC65629}"
	ProjectSection(SolutionItems) = preProject
		..\..\Solution Items\Net35\App.config = ..\..\Solution Items\Net35\App.config
	EndProjectSection
EndProject
Project("{2150E333-8FDC-42A3-9474-1A3956D46DE8}") = "Net40", "Net40", "{ACCCC9EB-6386-44DC-8147-D69751FC6D93}"
	ProjectSection(SolutionItems) = preProject
		..\..\Solution Items\Net40\App.config = ..\..\Solution Items\Net40\App.config
	EndProjectSection
EndProject
Project("{FAE04EC0-301F-11D3-BF4B-00C04F79EFBC}") = "SuperSocket.Facility.Net40", "..\..\Facility\SuperSocket.Facility.Net40.csproj", "{01987BAC-C498-44DD-B274-62EA2506B51D}"
EndProject
Project("{FAE04EC0-301F-11D3-BF4B-00C04F79EFBC}") = "SuperSocket.Dlr.Net40", "..\..\Dlr\SuperSocket.Dlr.Net40.csproj", "{55BAA051-CE62-4D4A-81B6-68B042CC78E9}"
EndProject
Project("{FAE04EC0-301F-11D3-BF4B-00C04F79EFBC}") = "SuperSocket.Agent.Net40", "..\..\Agent\SuperSocket.Agent.Net40.csproj", "{49BA8E71-4F97-40D6-BBE7-22B71D222486}"
EndProject
Project("{FAE04EC0-301F-11D3-BF4B-00C04F79EFBC}") = "SuperSocket.Http.Net40", "SuperSocket.Http.Net40.csproj", "{501872C5-FEB8-4D9C-BE91-5CABA06DDE00}"
EndProject
Project("{2150E333-8FDC-42A3-9474-1A3956D46DE8}") = "SuperSocket", "SuperSocket", "{6EFF2A9D-9D8A-4322-A0FB-C1FA3A668916}"
EndProject
Global
	GlobalSection(SolutionConfigurationPlatforms) = preSolution
		Debug|Any CPU = Debug|Any CPU
		Release|Any CPU = Release|Any CPU
		Test|Any CPU = Test|Any CPU
	EndGlobalSection
	GlobalSection(ProjectConfigurationPlatforms) = postSolution
		{B9113694-7226-4152-938D-3172B11571A1}.Debug|Any CPU.ActiveCfg = Debug|Any CPU
		{B9113694-7226-4152-938D-3172B11571A1}.Debug|Any CPU.Build.0 = Debug|Any CPU
		{B9113694-7226-4152-938D-3172B11571A1}.Release|Any CPU.ActiveCfg = Release|Any CPU
		{B9113694-7226-4152-938D-3172B11571A1}.Release|Any CPU.Build.0 = Release|Any CPU
		{B9113694-7226-4152-938D-3172B11571A1}.Test|Any CPU.ActiveCfg = Debug|Any CPU
		{B9113694-7226-4152-938D-3172B11571A1}.Test|Any CPU.Build.0 = Debug|Any CPU
		{A24F4D38-BA9C-4FD6-95B7-4980DE36131A}.Debug|Any CPU.ActiveCfg = Debug|Any CPU
		{A24F4D38-BA9C-4FD6-95B7-4980DE36131A}.Debug|Any CPU.Build.0 = Debug|Any CPU
		{A24F4D38-BA9C-4FD6-95B7-4980DE36131A}.Release|Any CPU.ActiveCfg = Release|Any CPU
		{A24F4D38-BA9C-4FD6-95B7-4980DE36131A}.Release|Any CPU.Build.0 = Release|Any CPU
		{A24F4D38-BA9C-4FD6-95B7-4980DE36131A}.Test|Any CPU.ActiveCfg = Debug|Any CPU
		{A24F4D38-BA9C-4FD6-95B7-4980DE36131A}.Test|Any CPU.Build.0 = Debug|Any CPU
		{40B77789-EA11-4C05-8F52-86711D7BCAAF}.Debug|Any CPU.ActiveCfg = Debug|Any CPU
		{40B77789-EA11-4C05-8F52-86711D7BCAAF}.Debug|Any CPU.Build.0 = Debug|Any CPU
		{40B77789-EA11-4C05-8F52-86711D7BCAAF}.Release|Any CPU.ActiveCfg = Release|Any CPU
		{40B77789-EA11-4C05-8F52-86711D7BCAAF}.Release|Any CPU.Build.0 = Release|Any CPU
		{40B77789-EA11-4C05-8F52-86711D7BCAAF}.Test|Any CPU.ActiveCfg = Debug|Any CPU
		{40B77789-EA11-4C05-8F52-86711D7BCAAF}.Test|Any CPU.Build.0 = Debug|Any CPU
		{153FEF72-191C-43D9-BE71-2B351C7AC760}.Debug|Any CPU.ActiveCfg = Debug|Any CPU
		{153FEF72-191C-43D9-BE71-2B351C7AC760}.Debug|Any CPU.Build.0 = Debug|Any CPU
		{153FEF72-191C-43D9-BE71-2B351C7AC760}.Release|Any CPU.ActiveCfg = Release|Any CPU
		{153FEF72-191C-43D9-BE71-2B351C7AC760}.Release|Any CPU.Build.0 = Release|Any CPU
		{153FEF72-191C-43D9-BE71-2B351C7AC760}.Test|Any CPU.ActiveCfg = Debug|Any CPU
		{153FEF72-191C-43D9-BE71-2B351C7AC760}.Test|Any CPU.Build.0 = Debug|Any CPU
		{01987BAC-C498-44DD-B274-62EA2506B51D}.Debug|Any CPU.ActiveCfg = Debug|Any CPU
		{01987BAC-C498-44DD-B274-62EA2506B51D}.Debug|Any CPU.Build.0 = Debug|Any CPU
		{01987BAC-C498-44DD-B274-62EA2506B51D}.Release|Any CPU.ActiveCfg = Release|Any CPU
		{01987BAC-C498-44DD-B274-62EA2506B51D}.Release|Any CPU.Build.0 = Release|Any CPU
		{01987BAC-C498-44DD-B274-62EA2506B51D}.Test|Any CPU.ActiveCfg = Debug|Any CPU
		{01987BAC-C498-44DD-B274-62EA2506B51D}.Test|Any CPU.Build.0 = Debug|Any CPU
		{55BAA051-CE62-4D4A-81B6-68B042CC78E9}.Debug|Any CPU.ActiveCfg = Debug|Any CPU
		{55BAA051-CE62-4D4A-81B6-68B042CC78E9}.Debug|Any CPU.Build.0 = Debug|Any CPU
		{55BAA051-CE62-4D4A-81B6-68B042CC78E9}.Release|Any CPU.ActiveCfg = Release|Any CPU
		{55BAA051-CE62-4D4A-81B6-68B042CC78E9}.Release|Any CPU.Build.0 = Release|Any CPU
		{55BAA051-CE62-4D4A-81B6-68B042CC78E9}.Test|Any CPU.ActiveCfg = Debug|Any CPU
		{55BAA051-CE62-4D4A-81B6-68B042CC78E9}.Test|Any CPU.Build.0 = Debug|Any CPU
		{49BA8E71-4F97-40D6-BBE7-22B71D222486}.Debug|Any CPU.ActiveCfg = Debug|Any CPU
		{49BA8E71-4F97-40D6-BBE7-22B71D222486}.Debug|Any CPU.Build.0 = Debug|Any CPU
		{49BA8E71-4F97-40D6-BBE7-22B71D222486}.Release|Any CPU.ActiveCfg = Release|Any CPU
		{49BA8E71-4F97-40D6-BBE7-22B71D222486}.Release|Any CPU.Build.0 = Release|Any CPU
		{49BA8E71-4F97-40D6-BBE7-22B71D222486}.Test|Any CPU.ActiveCfg = Release|Any CPU
		{49BA8E71-4F97-40D6-BBE7-22B71D222486}.Test|Any CPU.Build.0 = Release|Any CPU
		{501872C5-FEB8-4D9C-BE91-5CABA06DDE00}.Debug|Any CPU.ActiveCfg = Debug|Any CPU
		{501872C5-FEB8-4D9C-BE91-5CABA06DDE00}.Debug|Any CPU.Build.0 = Debug|Any CPU
		{501872C5-FEB8-4D9C-BE91-5CABA06DDE00}.Release|Any CPU.ActiveCfg = Release|Any CPU
		{501872C5-FEB8-4D9C-BE91-5CABA06DDE00}.Release|Any CPU.Build.0 = Release|Any CPU
		{501872C5-FEB8-4D9C-BE91-5CABA06DDE00}.Test|Any CPU.ActiveCfg = Release|Any CPU
		{501872C5-FEB8-4D9C-BE91-5CABA06DDE00}.Test|Any CPU.Build.0 = Release|Any CPU
	EndGlobalSection
	GlobalSection(SolutionProperties) = preSolution
		HideSolutionNode = FALSE
	EndGlobalSection
	GlobalSection(NestedProjects) = preSolution
		{A24F4D38-BA9C-4FD6-95B7-4980DE36131A} = {6EFF2A9D-9D8A-4322-A0FB-C1FA3A668916}
		{40B77789-EA11-4C05-8F52-86711D7BCAAF} = {6EFF2A9D-9D8A-4322-A0FB-C1FA3A668916}
		{153FEF72-191C-43D9-BE71-2B351C7AC760} = {6EFF2A9D-9D8A-4322-A0FB-C1FA3A668916}
		{01987BAC-C498-44DD-B274-62EA2506B51D} = {6EFF2A9D-9D8A-4322-A0FB-C1FA3A668916}
		{55BAA051-CE62-4D4A-81B6-68B042CC78E9} = {6EFF2A9D-9D8A-4322-A0FB-C1FA3A668916}
		{49BA8E71-4F97-40D6-BBE7-22B71D222486} = {6EFF2A9D-9D8A-4322-A0FB-C1FA3A668916}
		{B9113694-7226-4152-938D-3172B11571A1} = {6EFF2A9D-9D8A-4322-A0FB-C1FA3A668916}
		{FC181BA8-9DE5-444C-899F-9C554BC65629} = {BEAF6CBD-16DD-456B-A889-421E0DFAB783}
		{ACCCC9EB-6386-44DC-8147-D69751FC6D93} = {BEAF6CBD-16DD-456B-A889-421E0DFAB783}
	EndGlobalSection
EndGlobal
