
Microsoft Visual Studio Solution File, Format Version 11.00
# Visual Studio 2010
Project("{FAE04EC0-301F-11D3-BF4B-00C04F79EFBC}") = "SuperSocket.SocketService.Net35", "..\..\SocketService\SuperSocket.SocketService.Net35.csproj", "{B9113694-7226-4152-938D-3172B11571A1}"
EndProject
Project("{FAE04EC0-301F-11D3-BF4B-00C04F79EFBC}") = "SuperSocket.Common.Net35", "..\..\Common\SuperSocket.Common.Net35.csproj", "{A24F4D38-BA9C-4FD6-95B7-4980DE36131A}"
EndProject
Project("{FAE04EC0-301F-11D3-BF4B-00C04F79EFBC}") = "SuperSocket.SocketBase.Net35", "..\..\SocketBase\SuperSocket.SocketBase.Net35.csproj", "{40B77789-EA11-4C05-8F52-86711D7BCAAF}"
EndProject
Project("{FAE04EC0-301F-11D3-BF4B-00C04F79EFBC}") = "SuperSocket.SocketEngine.Net35", "..\..\SocketEngine\SuperSocket.SocketEngine.Net35.csproj", "{153FEF72-191C-43D9-BE71-2B351C7AC760}"
EndProject
Project("{2150E333-8FDC-42A3-9474-1A3956D46DE8}") = "Solution Items", "Solution Items", "{310FD673-1D6B-41B3-9BFF-8E0F984B524C}"
	ProjectSection(SolutionItems) = preProject
		..\..\Solution Items\GlobalAssemblyInfo.cs = ..\..\Solution Items\GlobalAssemblyInfo.cs
		..\..\Solution Items\log4net.config = ..\..\Solution Items\log4net.config
		..\..\Solution Items\log4net.unix.config = ..\..\Solution Items\log4net.unix.config
	EndProjectSection
EndProject
Project("{2150E333-8FDC-42A3-9474-1A3956D46DE8}") = "Net40", "Net40", "{09AA86CA-0CF7-48CE-891C-F64BFD544AD4}"
	ProjectSection(SolutionItems) = preProject
		..\..\Solution Items\Net40\App.config = ..\..\Solution Items\Net40\App.config
	EndProjectSection
EndProject
Project("{2150E333-8FDC-42A3-9474-1A3956D46DE8}") = "Net35", "Net35", "{0E2D03FA-3792-4F50-9CA4-77E4C4598746}"
	ProjectSection(SolutionItems) = preProject
		..\..\Solution Items\Net35\App.config = ..\..\Solution Items\Net35\App.config
	EndProjectSection
EndProject
Project("{FAE04EC0-301F-11D3-BF4B-00C04F79EFBC}") = "SuperSocket.Facility.Net35", "..\..\Facility\SuperSocket.Facility.Net35.csproj", "{01987BAC-C498-44DD-B274-62EA2506B51D}"
EndProject
Project("{FAE04EC0-301F-11D3-BF4B-00C04F79EFBC}") = "SuperSocket.Dlr.Net35", "..\..\Dlr\SuperSocket.Dlr.Net35.csproj", "{55BAA051-CE62-4D4A-81B6-68B042CC78E9}"
EndProject
Project("{FAE04EC0-301F-11D3-BF4B-00C04F79EFBC}") = "SuperSocket.Agent.Net35", "..\..\Agent\SuperSocket.Agent.Net35.csproj", "{49BA8E71-4F97-40D6-BBE7-22B71D222486}"
EndProject
Project("{FAE04EC0-301F-11D3-BF4B-00C04F79EFBC}") = "SuperSocket.Http.Net35", "SuperSocket.Http.Net35.csproj", "{501872C5-FEB8-4D9C-BE91-5CABA06DDE00}"
EndProject
Project("{2150E333-8FDC-42A3-9474-1A3956D46DE8}") = "SuperSocket", "SuperSocket", "{299C26CD-D741-4A34-8104-6B21A3F2D239}"
EndProject
Global
	GlobalSection(SolutionConfigurationPlatforms) = preSolution
		Debug|Any CPU = Debug|Any CPU
		Release|Any CPU = Release|Any CPU
		Test|Any CPU = Test|Any CPU
	EndGlobalSection
	GlobalSection(ProjectConfigurationPlatforms) = postSolution
		{B9113694-7226-4152-938D-3172B11571A1}.Debug|Any CPU.ActiveCfg = Debug|Any CPU
		{B9113694-7226-4152-938D-3172B11571A1}.Debug|Any CPU.Build.0 = Debug|Any CPU
		{B9113694-7226-4152-938D-3172B11571A1}.Release|Any CPU.ActiveCfg = Release|Any CPU
		{B9113694-7226-4152-938D-3172B11571A1}.Release|Any CPU.Build.0 = Release|Any CPU
		{B9113694-7226-4152-938D-3172B11571A1}.Test|Any CPU.ActiveCfg = Debug|Any CPU
		{B9113694-7226-4152-938D-3172B11571A1}.Test|Any CPU.Build.0 = Debug|Any CPU
		{A24F4D38-BA9C-4FD6-95B7-4980DE36131A}.Debug|Any CPU.ActiveCfg = Debug|Any CPU
		{A24F4D38-BA9C-4FD6-95B7-4980DE36131A}.Debug|Any CPU.Build.0 = Debug|Any CPU
		{A24F4D38-BA9C-4FD6-95B7-4980DE36131A}.Release|Any CPU.ActiveCfg = Release|Any CPU
		{A24F4D38-BA9C-4FD6-95B7-4980DE36131A}.Release|Any CPU.Build.0 = Release|Any CPU
		{A24F4D38-BA9C-4FD6-95B7-4980DE36131A}.Test|Any CPU.ActiveCfg = Debug|Any CPU
		{A24F4D38-BA9C-4FD6-95B7-4980DE36131A}.Test|Any CPU.Build.0 = Debug|Any CPU
		{40B77789-EA11-4C05-8F52-86711D7BCAAF}.Debug|Any CPU.ActiveCfg = Debug|Any CPU
		{40B77789-EA11-4C05-8F52-86711D7BCAAF}.Debug|Any CPU.Build.0 = Debug|Any CPU
		{40B77789-EA11-4C05-8F52-86711D7BCAAF}.Release|Any CPU.ActiveCfg = Release|Any CPU
		{40B77789-EA11-4C05-8F52-86711D7BCAAF}.Release|Any CPU.Build.0 = Release|Any CPU
		{40B77789-EA11-4C05-8F52-86711D7BCAAF}.Test|Any CPU.ActiveCfg = Debug|Any CPU
		{40B77789-EA11-4C05-8F52-86711D7BCAAF}.Test|Any CPU.Build.0 = Debug|Any CPU
		{153FEF72-191C-43D9-BE71-2B351C7AC760}.Debug|Any CPU.ActiveCfg = Debug|Any CPU
		{153FEF72-191C-43D9-BE71-2B351C7AC760}.Debug|Any CPU.Build.0 = Debug|Any CPU
		{153FEF72-191C-43D9-BE71-2B351C7AC760}.Release|Any CPU.ActiveCfg = Release|Any CPU
		{153FEF72-191C-43D9-BE71-2B351C7AC760}.Release|Any CPU.Build.0 = Release|Any CPU
		{153FEF72-191C-43D9-BE71-2B351C7AC760}.Test|Any CPU.ActiveCfg = Debug|Any CPU
		{153FEF72-191C-43D9-BE71-2B351C7AC760}.Test|Any CPU.Build.0 = Debug|Any CPU
		{01987BAC-C498-44DD-B274-62EA2506B51D}.Debug|Any CPU.ActiveCfg = Debug|Any CPU
		{01987BAC-C498-44DD-B274-62EA2506B51D}.Debug|Any CPU.Build.0 = Debug|Any CPU
		{01987BAC-C498-44DD-B274-62EA2506B51D}.Release|Any CPU.ActiveCfg = Release|Any CPU
		{01987BAC-C498-44DD-B274-62EA2506B51D}.Release|Any CPU.Build.0 = Release|Any CPU
		{01987BAC-C498-44DD-B274-62EA2506B51D}.Test|Any CPU.ActiveCfg = Debug|Any CPU
		{01987BAC-C498-44DD-B274-62EA2506B51D}.Test|Any CPU.Build.0 = Debug|Any CPU
		{55BAA051-CE62-4D4A-81B6-68B042CC78E9}.Debug|Any CPU.ActiveCfg = Debug|Any CPU
		{55BAA051-CE62-4D4A-81B6-68B042CC78E9}.Debug|Any CPU.Build.0 = Debug|Any CPU
		{55BAA051-CE62-4D4A-81B6-68B042CC78E9}.Release|Any CPU.ActiveCfg = Release|Any CPU
		{55BAA051-CE62-4D4A-81B6-68B042CC78E9}.Release|Any CPU.Build.0 = Release|Any CPU
		{55BAA051-CE62-4D4A-81B6-68B042CC78E9}.Test|Any CPU.ActiveCfg = Debug|Any CPU
		{55BAA051-CE62-4D4A-81B6-68B042CC78E9}.Test|Any CPU.Build.0 = Debug|Any CPU
		{49BA8E71-4F97-40D6-BBE7-22B71D222486}.Debug|Any CPU.ActiveCfg = Debug|Any CPU
		{49BA8E71-4F97-40D6-BBE7-22B71D222486}.Debug|Any CPU.Build.0 = Debug|Any CPU
		{49BA8E71-4F97-40D6-BBE7-22B71D222486}.Release|Any CPU.ActiveCfg = Release|Any CPU
		{49BA8E71-4F97-40D6-BBE7-22B71D222486}.Release|Any CPU.Build.0 = Release|Any CPU
		{49BA8E71-4F97-40D6-BBE7-22B71D222486}.Test|Any CPU.ActiveCfg = Release|Any CPU
		{49BA8E71-4F97-40D6-BBE7-22B71D222486}.Test|Any CPU.Build.0 = Release|Any CPU
		{501872C5-FEB8-4D9C-BE91-5CABA06DDE00}.Debug|Any CPU.ActiveCfg = Debug|Any CPU
		{501872C5-FEB8-4D9C-BE91-5CABA06DDE00}.Debug|Any CPU.Build.0 = Debug|Any CPU
		{501872C5-FEB8-4D9C-BE91-5CABA06DDE00}.Release|Any CPU.ActiveCfg = Release|Any CPU
		{501872C5-FEB8-4D9C-BE91-5CABA06DDE00}.Release|Any CPU.Build.0 = Release|Any CPU
		{501872C5-FEB8-4D9C-BE91-5CABA06DDE00}.Test|Any CPU.ActiveCfg = Release|Any CPU
		{501872C5-FEB8-4D9C-BE91-5CABA06DDE00}.Test|Any CPU.Build.0 = Release|Any CPU
	EndGlobalSection
	GlobalSection(SolutionProperties) = preSolution
		HideSolutionNode = FALSE
	EndGlobalSection
	GlobalSection(NestedProjects) = preSolution
		{09AA86CA-0CF7-48CE-891C-F64BFD544AD4} = {310FD673-1D6B-41B3-9BFF-8E0F984B524C}
		{0E2D03FA-3792-4F50-9CA4-77E4C4598746} = {310FD673-1D6B-41B3-9BFF-8E0F984B524C}
		{B9113694-7226-4152-938D-3172B11571A1} = {299C26CD-D741-4A34-8104-6B21A3F2D239}
		{49BA8E71-4F97-40D6-BBE7-22B71D222486} = {299C26CD-D741-4A34-8104-6B21A3F2D239}
		{A24F4D38-BA9C-4FD6-95B7-4980DE36131A} = {299C26CD-D741-4A34-8104-6B21A3F2D239}
		{55BAA051-CE62-4D4A-81B6-68B042CC78E9} = {299C26CD-D741-4A34-8104-6B21A3F2D239}
		{01987BAC-C498-44DD-B274-62EA2506B51D} = {299C26CD-D741-4A34-8104-6B21A3F2D239}
		{40B77789-EA11-4C05-8F52-86711D7BCAAF} = {299C26CD-D741-4A34-8104-6B21A3F2D239}
		{153FEF72-191C-43D9-BE71-2B351C7AC760} = {299C26CD-D741-4A34-8104-6B21A3F2D239}
	EndGlobalSection
EndGlobal
